<?xml version="1.0" encoding="utf-8"?>
<Project ToolsVersion="4.0" xmlns="http://schemas.microsoft.com/developer/msbuild/2003">
  <ItemGroup>
    <Filter Include="Source Files">
      <UniqueIdentifier>{5f0f1b74-e98c-4b53-9888-906b64d01a08}</UniqueIdentifier>
      <Extensions>cpp;c;cxx;rc;def;r;odl;idl;hpj;bat</Extensions>
    </Filter>
    <Filter Include="Header Files">
      <UniqueIdentifier>{cca6934e-37ed-40b7-822a-f493c1095839}</UniqueIdentifier>
      <Extensions>h;hpp;hxx;hm;inl</Extensions>
    </Filter>
    <Filter Include="Resources">
      <UniqueIdentifier>{b21d6434-3de8-473d-81a4-fe29101cef43}</UniqueIdentifier>
    </Filter>
  </ItemGroup>
  <ItemGroup>
    <ClCompile Include="..\MgaUtil\AnnotationUtil.cpp">
      <Filter>Source Files</Filter>
    </ClCompile>
    <ClCompile Include="AnnotatorCompositePart.cpp">
      <Filter>Source Files</Filter>
    </ClCompile>
    <ClCompile Include="AnnotatorDecorator.cpp">
      <Filter>Source Files</Filter>
    </ClCompile>
    <ClCompile Include="AnnotatorDecoratorImpl.cpp">
      <Filter>Source Files</Filter>
    </ClCompile>
    <ClCompile Include="AnnotatorRectanglePart.cpp">
      <Filter>Source Files</Filter>
    </ClCompile>
    <ClCompile Include="AnnotatorTextPart.cpp">
      <Filter>Source Files</Filter>
    </ClCompile>
    <ClCompile Include="..\Common\CommonError.cpp">
      <Filter>Source Files</Filter>
    </ClCompile>
    <ClCompile Include="DecoratorApp.cpp">
      <Filter>Source Files</Filter>
    </ClCompile>
    <ClCompile Include="StdAfx.cpp">
      <Filter>Source Files</Filter>
    </ClCompile>
  </ItemGroup>
  <ItemGroup>
    <ResourceCompile Include="Decorator.rc">
      <Filter>Source Files</Filter>
    </ResourceCompile>
  </ItemGroup>
  <ItemGroup>
    <None Include="Decorator.rgs">
      <Filter>Resources</Filter>
    </None>
    <None Include="DecoratorApp.def">
      <Filter>Source Files</Filter>
    </None>
  </ItemGroup>
  <ItemGroup>
    <Midl Include="DecoratorLib.idl">
      <Filter>Source Files</Filter>
    </Midl>
  </ItemGroup>
  <ItemGroup>
    <ClInclude Include="AnnotationDefs.h">
      <Filter>Header Files</Filter>
    </ClInclude>
    <ClInclude Include="..\MgaUtil\AnnotationUtil.h">
      <Filter>Header Files</Filter>
    </ClInclude>
    <ClInclude Include="AnnotatorCompositePart.h">
      <Filter>Header Files</Filter>
    </ClInclude>
    <ClInclude Include="AnnotatorDecorator.h">
      <Filter>Header Files</Filter>
    </ClInclude>
    <ClInclude Include="AnnotatorDecoratorImpl.h">
      <Filter>Header Files</Filter>
    </ClInclude>
    <ClInclude Include="AnnotatorRectanglePart.h">
      <Filter>Header Files</Filter>
    </ClInclude>
    <ClInclude Include="AnnotatorTextPart.h">
      <Filter>Header Files</Filter>
    </ClInclude>
    <ClInclude Include="DecoratorConfig.h">
      <Filter>Header Files</Filter>
    </ClInclude>
    <ClInclude Include="Resource.h">
      <Filter>Header Files</Filter>
    </ClInclude>
    <ClInclude Include="StdAfx.h">
      <Filter>Header Files</Filter>
    </ClInclude>
    <ClInclude Include="targetver.h">
      <Filter>Header Files</Filter>
    </ClInclude>
  </ItemGroup>
</Project>