
Microsoft Visual Studio Solution File, Format Version 11.00
# Visual Studio 2010
Project("{8BC9CEB8-8B4A-11D0-8D11-00A0C91BC942}") = "PatternProcessor", "PatternProcessor.vcxproj", "{11303C10-F074-466B-9698-B60E113D5012}"
EndProject
Global
	GlobalSection(SolutionConfigurationPlatforms) = preSolution
		Debug|Win32 = Debug|Win32
		Release|Win32 = Release|Win32
	EndGlobalSection
	GlobalSection(ProjectConfigurationPlatforms) = postSolution
		{11303C10-F074-466B-9698-B60E113D5012}.Debug|Win32.ActiveCfg = Debug|Win32
		{11303C10-F074-466B-9698-B60E113D5012}.Debug|Win32.Build.0 = Debug|Win32
		{11303C10-F074-466B-9698-B60E113D5012}.Release|Win32.ActiveCfg = Release|Win32
		{11303C10-F074-466B-9698-B60E113D5012}.Release|Win32.Build.0 = Release|Win32
	EndGlobalSection
	GlobalSection(SolutionProperties) = preSolution
		HideSolutionNode = FALSE
	EndGlobalSection
EndGlobal
