<?xml version="1.0" encoding="utf-8"?>
<Project ToolsVersion="4.0" xmlns="http://schemas.microsoft.com/developer/msbuild/2003">
  <ItemGroup>
    <Filter Include="Source Files">
      <UniqueIdentifier>{4fd494fb-6e68-4a34-aaeb-93fa66c0f294}</UniqueIdentifier>
      <Extensions>cpp;c;cxx;rc;def;r;odl;idl;hpj;bat</Extensions>
    </Filter>
    <Filter Include="Header Files">
      <UniqueIdentifier>{3ee1aa19-9ad0-4ac5-92b1-5ccb727d8ea7}</UniqueIdentifier>
      <Extensions>h;hpp;hxx;hm;inl</Extensions>
    </Filter>
    <Filter Include="Resources">
      <UniqueIdentifier>{10c61e77-21b3-44b0-98f5-06546ed6153a}</UniqueIdentifier>
    </Filter>
  </ItemGroup>
  <ItemGroup>
    <ClCompile Include="StdAfx.cpp">
      <Filter>Source Files</Filter>
    </ClCompile>
    <ClCompile Include="TokenEx.cpp">
      <Filter>Source Files</Filter>
    </ClCompile>
    <ClCompile Include="UMLAttributePart.cpp">
      <Filter>Source Files</Filter>
    </ClCompile>
    <ClCompile Include="UMLClassPart.cpp">
      <Filter>Source Files</Filter>
    </ClCompile>
    <ClCompile Include="UMLCompositePart.cpp">
      <Filter>Source Files</Filter>
    </ClCompile>
    <ClCompile Include="UMLDecorator.cpp">
      <Filter>Source Files</Filter>
    </ClCompile>
    <ClCompile Include="UMLDecoratorApp.cpp">
      <Filter>Source Files</Filter>
    </ClCompile>
    <ClCompile Include="UMLDecoratorImpl.cpp">
      <Filter>Source Files</Filter>
    </ClCompile>
    <ClCompile Include="UMLStereoLabelPart.cpp">
      <Filter>Source Files</Filter>
    </ClCompile>
  </ItemGroup>
  <ItemGroup>
    <ResourceCompile Include="UMLDecorator.rc">
      <Filter>Source Files</Filter>
    </ResourceCompile>
  </ItemGroup>
  <ItemGroup>
    <None Include="UMLDecoratorApp.def">
      <Filter>Source Files</Filter>
    </None>
    <None Include="res\referencesign.bmp">
      <Filter>Resources</Filter>
    </None>
    <None Include="UMLDecorator.rgs">
      <Filter>Resources</Filter>
    </None>
  </ItemGroup>
  <ItemGroup>
    <Midl Include="UMLDecoratorLib.idl">
      <Filter>Source Files</Filter>
    </Midl>
  </ItemGroup>
  <ItemGroup>
    <ClInclude Include="DecoratorConfig.h">
      <Filter>Header Files</Filter>
    </ClInclude>
    <ClInclude Include="DecoratorStd.h">
      <Filter>Header Files</Filter>
    </ClInclude>
    <ClInclude Include="Resource.h">
      <Filter>Header Files</Filter>
    </ClInclude>
    <ClInclude Include="StdAfx.h">
      <Filter>Header Files</Filter>
    </ClInclude>
    <ClInclude Include="targetver.h">
      <Filter>Header Files</Filter>
    </ClInclude>
    <ClInclude Include="TokenEx.h">
      <Filter>Header Files</Filter>
    </ClInclude>
    <ClInclude Include="UMLAttributePart.h">
      <Filter>Header Files</Filter>
    </ClInclude>
    <ClInclude Include="UMLClassPart.h">
      <Filter>Header Files</Filter>
    </ClInclude>
    <ClInclude Include="UMLCompositePart.h">
      <Filter>Header Files</Filter>
    </ClInclude>
    <ClInclude Include="UMLDecorator.h">
      <Filter>Header Files</Filter>
    </ClInclude>
    <ClInclude Include="UMLDecoratorImpl.h">
      <Filter>Header Files</Filter>
    </ClInclude>
    <ClInclude Include="UMLStereoLabelPart.h">
      <Filter>Header Files</Filter>
    </ClInclude>
  </ItemGroup>
</Project>