<?xml version="1.0" encoding="utf-8"?>
<Project ToolsVersion="4.0" xmlns="http://schemas.microsoft.com/developer/msbuild/2003">
  <ItemGroup>
    <Filter Include="Source Files">
      <UniqueIdentifier>{9c6cc890-9022-4896-bd60-19fb2cc2fafc}</UniqueIdentifier>
      <Extensions>cpp;c;cxx;rc;def;r;odl;idl;hpj;bat</Extensions>
    </Filter>
    <Filter Include="Header Files">
      <UniqueIdentifier>{898af8f6-016d-43a5-91c2-25191e4b30d4}</UniqueIdentifier>
      <Extensions>h;hpp;hxx;hm;inl</Extensions>
    </Filter>
    <Filter Include="Resource Files">
      <UniqueIdentifier>{799d03a4-88bf-4b2e-984d-959adc53c791}</UniqueIdentifier>
      <Extensions>ico;cur;bmp;dlg;rc2;rct;bin;rgs;gif;jpg;jpeg;jpe</Extensions>
    </Filter>
    <Filter Include="Doc Files">
      <UniqueIdentifier>{1e5a3cac-140b-4da5-9d7d-3439a7c339a6}</UniqueIdentifier>
    </Filter>
  </ItemGroup>
  <ItemGroup>
    <ClCompile Include="AboutDlg.cpp">
      <Filter>Source Files</Filter>
    </ClCompile>
    <ClCompile Include="AnnotatorEventSink.cpp">
      <Filter>Source Files</Filter>
    </ClCompile>
    <ClCompile Include="AutoRoute\ArEdgeLs.cpp">
      <Filter>Source Files</Filter>
    </ClCompile>
    <ClCompile Include="AutoRoute\ArGraph.cpp">
      <Filter>Source Files</Filter>
    </ClCompile>
    <ClCompile Include="AutoRoute\ArHelper.cpp">
      <Filter>Source Files</Filter>
    </ClCompile>
    <ClCompile Include="AspectSyncDlg.cpp">
      <Filter>Source Files</Filter>
    </ClCompile>
    <ClCompile Include="AutoRoute\AutoRouter.cpp">
      <Filter>Source Files</Filter>
    </ClCompile>
    <ClCompile Include="AutoRoute\AutoRouterBox.cpp">
      <Filter>Source Files</Filter>
    </ClCompile>
    <ClCompile Include="AutoRoute\AutoRouterEdge.cpp">
      <Filter>Source Files</Filter>
    </ClCompile>
    <ClCompile Include="AutoRoute\AutoRouterGraph.cpp">
      <Filter>Source Files</Filter>
    </ClCompile>
    <ClCompile Include="AutoRoute\AutoRouterPath.cpp">
      <Filter>Source Files</Filter>
    </ClCompile>
    <ClCompile Include="AutoRoute\AutoRouterPort.cpp">
      <Filter>Source Files</Filter>
    </ClCompile>
    <ClCompile Include="ChildFrm.cpp">
      <Filter>Source Files</Filter>
    </ClCompile>
    <ClCompile Include="..\Common\CommonError.cpp">
      <Filter>Source Files</Filter>
    </ClCompile>
    <ClCompile Include="..\Common\CommonMfc.cpp">
      <Filter>Source Files</Filter>
    </ClCompile>
    <ClCompile Include="..\Common\CommonSmart.cpp">
      <Filter>Source Files</Filter>
    </ClCompile>
    <ClCompile Include="ConnityDlg.cpp">
      <Filter>Source Files</Filter>
    </ClCompile>
    <ClCompile Include="console.cpp">
      <Filter>Source Files</Filter>
    </ClCompile>
    <ClCompile Include="CrashTest.cpp">
      <Filter>Source Files</Filter>
    </ClCompile>
    <ClCompile Include="DecoratorEventSink.cpp">
      <Filter>Source Files</Filter>
    </ClCompile>
    <ClCompile Include="DynMenu.cpp">
      <Filter>Source Files</Filter>
    </ClCompile>
    <ClCompile Include="EnumVar.cpp">
      <Filter>Source Files</Filter>
    </ClCompile>
    <ClCompile Include="gmeactivebrowser.cpp">
      <Filter>Source Files</Filter>
    </ClCompile>
    <ClCompile Include="GMEApp.cpp">
      <Filter>Source Files</Filter>
    </ClCompile>
    <ClCompile Include="GMEBrowser.cpp">
      <Filter>Source Files</Filter>
    </ClCompile>
    <ClCompile Include="GMEChildFrame.cpp">
      <Filter>Source Files</Filter>
    </ClCompile>
    <ClCompile Include="GMEChildFrameWrapper.cpp">
      <Filter>Source Files</Filter>
    </ClCompile>
    <ClCompile Include="GMEConsole.cpp">
      <Filter>Source Files</Filter>
    </ClCompile>
    <ClCompile Include="GMEDoc.cpp">
      <Filter>Source Files</Filter>
    </ClCompile>
    <ClCompile Include="GmeDocTemplate.cpp">
      <Filter>Source Files</Filter>
    </ClCompile>
    <ClCompile Include="GMEEventLogger.cpp">
      <Filter>Source Files</Filter>
    </ClCompile>
    <ClCompile Include="GMEObjectInspector.cpp">
      <Filter>Source Files</Filter>
    </ClCompile>
    <ClCompile Include="GMEOLEApp.cpp">
      <Filter>Source Files</Filter>
    </ClCompile>
    <ClCompile Include="GMEOLEAspect.cpp">
      <Filter>Source Files</Filter>
    </ClCompile>
    <ClCompile Include="GMEOLEColl.cpp">
      <Filter>Source Files</Filter>
    </ClCompile>
    <ClCompile Include="GMEOLEData.cpp">
      <Filter>Source Files</Filter>
    </ClCompile>
    <ClCompile Include="GMEOLEIt.cpp">
      <Filter>Source Files</Filter>
    </ClCompile>
    <ClCompile Include="GMEOLEModel.cpp">
      <Filter>Source Files</Filter>
    </ClCompile>
    <ClCompile Include="GMEOLEPanel.cpp">
      <Filter>Source Files</Filter>
    </ClCompile>
    <ClCompile Include="GMEPanningWindow.cpp">
      <Filter>Source Files</Filter>
    </ClCompile>
    <ClCompile Include="GMEPartBrowser.cpp">
      <Filter>Source Files</Filter>
    </ClCompile>
    <ClCompile Include="GmePrintDialog.cpp">
      <Filter>Source Files</Filter>
    </ClCompile>
    <ClCompile Include="GMESearch.cpp">
      <Filter>Source Files</Filter>
    </ClCompile>
    <ClCompile Include="GMEView.cpp">
      <Filter>Source Files</Filter>
    </ClCompile>
    <ClCompile Include="GraphicsUtil.cpp">
      <Filter>Source Files</Filter>
    </ClCompile>
    <ClCompile Include="GuiMeta.cpp">
      <Filter>Source Files</Filter>
    </ClCompile>
    <ClCompile Include="GUIObject.cpp">
      <Filter>Source Files</Filter>
    </ClCompile>
    <ClCompile Include="MainFrm.cpp">
      <Filter>Source Files</Filter>
    </ClCompile>
    <ClCompile Include="mfcdual.cpp">
      <Filter>Source Files</Filter>
    </ClCompile>
    <ClCompile Include="MgaOpenDlg.cpp">
      <Filter>Source Files</Filter>
    </ClCompile>
    <ClCompile Include="ModelGrid.cpp">
      <Filter>Source Files</Filter>
    </ClCompile>
    <ClCompile Include="ModelPropertiesDlgBar.cpp">
      <Filter>Source Files</Filter>
    </ClCompile>
    <ClCompile Include="NewXmlbackendProjDlg.cpp">
      <Filter>Source Files</Filter>
    </ClCompile>
    <ClCompile Include="objectinspector.cpp">
      <Filter>Source Files</Filter>
    </ClCompile>
    <ClCompile Include="PanningWindowWrapper.cpp">
      <Filter>Source Files</Filter>
    </ClCompile>
    <ClCompile Include="ParadigmPropertiesDlg.cpp">
      <Filter>Source Files</Filter>
    </ClCompile>
    <ClCompile Include="PartBrowserWrapper.cpp">
      <Filter>Source Files</Filter>
    </ClCompile>
    <ClCompile Include="PendingObjectPosRequest.cpp">
      <Filter>Source Files</Filter>
    </ClCompile>
    <ClCompile Include="PendingRequest.cpp">
      <Filter>Source Files</Filter>
    </ClCompile>
    <ClCompile Include="PreviewWnd.cpp">
      <Filter>Source Files</Filter>
    </ClCompile>
    <ClCompile Include="ProjectPropertiesDlg.cpp">
      <Filter>Source Files</Filter>
    </ClCompile>
    <ClCompile Include="RecentConnStrList.cpp">
      <Filter>Source Files</Filter>
    </ClCompile>
    <ClCompile Include="ScrollZoomView.cpp">
      <Filter>Source Files</Filter>
    </ClCompile>
    <ClCompile Include="search.cpp">
      <Filter>Source Files</Filter>
    </ClCompile>
    <ClCompile Include="Splash.cpp">
      <Filter>Source Files</Filter>
    </ClCompile>
    <ClCompile Include="StdAfx.cpp">
      <Filter>Source Files</Filter>
    </ClCompile>
    <ClCompile Include="SyncAspListCtrl.cpp">
      <Filter>Source Files</Filter>
    </ClCompile>
    <ClCompile Include="SyncObjsListCtrl.cpp">
      <Filter>Source Files</Filter>
    </ClCompile>
    <ClCompile Include="GMEVistaUtil.cpp">
      <Filter>Source Files</Filter>
    </ClCompile>
    <ClCompile Include="CSGUIInterop.cpp">
      <Filter>Source Files</Filter>
    </ClCompile>
    <ClCompile Include="SVNClient.cpp">
      <Filter>Source Files</Filter>
    </ClCompile>
    <ClCompile Include="SVNDialogCommit.cpp">
      <Filter>Source Files</Filter>
    </ClCompile>
    <ClCompile Include="SVNDialogLogin.cpp">
      <Filter>Source Files</Filter>
    </ClCompile>
    <ClCompile Include="SVNDialogPlaintext.cpp">
      <Filter>Source Files</Filter>
    </ClCompile>
    <ClCompile Include="SVNDialogSSLServerTrust.cpp">
      <Filter>Source Files</Filter>
    </ClCompile>
    <ClCompile Include="GMEViewOverlay.cpp">
      <Filter>Source Files</Filter>
    </ClCompile>
  </ItemGroup>
  <ItemGroup>
    <None Include="AnnotatorEventSink.rgs">
      <Filter>Source Files</Filter>
    </None>
    <None Include="DecoratorEventSink.rgs">
      <Filter>Source Files</Filter>
    </None>
    <None Include="aboutpic.bmp">
      <Filter>Resource Files</Filter>
    </None>
    <None Include="res\atomport.bmp">
      <Filter>Resource Files</Filter>
    </None>
    <None Include="res\bitmap1.bmp">
      <Filter>Resource Files</Filter>
    </None>
    <None Include="res\bitmap_l.bmp">
      <Filter>Resource Files</Filter>
    </None>
    <None Include="res\bmp00001.bmp">
      <Filter>Resource Files</Filter>
    </None>
    <None Include="res\bmp00002.bmp">
      <Filter>Resource Files</Filter>
    </None>
    <None Include="res\bmp00003.bmp">
      <Filter>Resource Files</Filter>
    </None>
    <None Include="res\compnotfound.ico">
      <Filter>Resource Files</Filter>
    </None>
    <None Include="res\cur00001.cur">
      <Filter>Resource Files</Filter>
    </None>
    <None Include="res\cur00002.cur">
      <Filter>Resource Files</Filter>
    </None>
    <None Include="res\cur00003.cur">
      <Filter>Resource Files</Filter>
    </None>
    <None Include="res\cur00004.cur">
      <Filter>Resource Files</Filter>
    </None>
    <None Include="res\cur00005.cur">
      <Filter>Resource Files</Filter>
    </None>
    <None Include="res\cur00006.cur">
      <Filter>Resource Files</Filter>
    </None>
    <None Include="res\cursor1.cur">
      <Filter>Resource Files</Filter>
    </None>
    <None Include="res\dummybar.bmp">
      <Filter>Resource Files</Filter>
    </None>
    <None Include="res\GME.ico">
      <Filter>Resource Files</Filter>
    </None>
    <None Include="res\GME.rc2">
      <Filter>Resource Files</Filter>
    </None>
    <None Include="res\GMEDoc.ico">
      <Filter>Resource Files</Filter>
    </None>
    <None Include="res\icon1.ico">
      <Filter>Resource Files</Filter>
    </None>
    <None Include="res\metaopen.bmp">
      <Filter>Resource Files</Filter>
    </None>
    <None Include="res\mgaopen.bmp">
      <Filter>Resource Files</Filter>
    </None>
    <None Include="res\NullRef.bmp">
      <Filter>Resource Files</Filter>
    </None>
    <None Include="res\refport.bmp">
      <Filter>Resource Files</Filter>
    </None>
    <None Include="res\SetDefault.bmp">
      <Filter>Resource Files</Filter>
    </None>
    <None Include="res\setport.bmp">
      <Filter>Resource Files</Filter>
    </None>
    <None Include="Splsh16.bmp">
      <Filter>Resource Files</Filter>
    </None>
    <None Include="res\Toolbar.bmp">
      <Filter>Resource Files</Filter>
    </None>
    <None Include="res\toolbar1.bmp">
      <Filter>Resource Files</Filter>
    </None>
    <None Include="res\ToolbarComponents.bmp">
      <Filter>Resource Files</Filter>
    </None>
    <None Include="res\ToolbarComponents24.bmp">
      <Filter>Resource Files</Filter>
    </None>
    <None Include="res\ToolbarMain.bmp">
      <Filter>Resource Files</Filter>
    </None>
    <None Include="res\ToolbarMain24.bmp">
      <Filter>Resource Files</Filter>
    </None>
    <None Include="res\ToolbarMode.bmp">
      <Filter>Resource Files</Filter>
    </None>
    <None Include="res\ToolbarMode24.bmp">
      <Filter>Resource Files</Filter>
    </None>
    <None Include="res\ToolbarModeling.bmp">
      <Filter>Resource Files</Filter>
    </None>
    <None Include="res\ToolbarModeling24.bmp">
      <Filter>Resource Files</Filter>
    </None>
    <None Include="res\ToolbarNavig.bmp">
      <Filter>Resource Files</Filter>
    </None>
    <None Include="res\ToolbarNavig24.bmp">
      <Filter>Resource Files</Filter>
    </None>
    <None Include="res\ToolbarWins.bmp">
      <Filter>Resource Files</Filter>
    </None>
    <None Include="res\ToolbarWins24.bmp">
      <Filter>Resource Files</Filter>
    </None>
    <None Include="res\typemark.ico">
      <Filter>Resource Files</Filter>
    </None>
    <None Include="res\visual_c.cur">
      <Filter>Resource Files</Filter>
    </None>
    <None Include="GME.reg" />
    <None Include="..\..\Install\GME.wxs" />
    <None Include="GME.exe.config" />
    <None Include="GMEVersion.h.tmpl">
      <Filter>Header Files</Filter>
    </None>
    <None Include="..\..\Install\GME_bin.wxs" />
    <None Include="..\..\Install\GME_SDK.wxs" />
    <None Include="..\..\Install\GME_paradigms.wxs" />
    <None Include="..\..\Install\GME_inc.wxi" />
    <None Include="res\XME.ico">
      <Filter>Resource Files</Filter>
    </None>
  </ItemGroup>
  <ItemGroup>
    <ClInclude Include="AnnotatorEventSink.h">
      <Filter>Header Files</Filter>
    </ClInclude>
    <ClInclude Include="AutoRoute\ArEdgeLs.h">
      <Filter>Header Files</Filter>
    </ClInclude>
    <ClInclude Include="AutoRoute\ArGraph.h">
      <Filter>Header Files</Filter>
    </ClInclude>
    <ClInclude Include="AutoRoute\ArHelper.h">
      <Filter>Header Files</Filter>
    </ClInclude>
    <ClInclude Include="AspectSyncDlg.h">
      <Filter>Header Files</Filter>
    </ClInclude>
    <ClInclude Include="AttrEnableButton.h">
      <Filter>Header Files</Filter>
    </ClInclude>
    <ClInclude Include="AutoRoute\AutoRouter.h">
      <Filter>Header Files</Filter>
    </ClInclude>
    <ClInclude Include="AutoRoute\AutoRouterBox.h">
      <Filter>Header Files</Filter>
    </ClInclude>
    <ClInclude Include="AutoRoute\AutoRouterEdge.h">
      <Filter>Header Files</Filter>
    </ClInclude>
    <ClInclude Include="AutoRoute\AutoRouterGraph.h">
      <Filter>Header Files</Filter>
    </ClInclude>
    <ClInclude Include="AutoRoute\AutoRouterPath.h">
      <Filter>Header Files</Filter>
    </ClInclude>
    <ClInclude Include="AutoRoute\AutoRouterPort.h">
      <Filter>Header Files</Filter>
    </ClInclude>
    <ClInclude Include="ChildFrm.h">
      <Filter>Header Files</Filter>
    </ClInclude>
    <ClInclude Include="ConnityDlg.h">
      <Filter>Header Files</Filter>
    </ClInclude>
    <ClInclude Include="console.h">
      <Filter>Header Files</Filter>
    </ClInclude>
    <ClInclude Include="CrashTest.h">
      <Filter>Header Files</Filter>
    </ClInclude>
    <ClInclude Include="DecoratorEventSink.h">
      <Filter>Header Files</Filter>
    </ClInclude>
    <ClInclude Include="DynMenu.h">
      <Filter>Header Files</Filter>
    </ClInclude>
    <ClInclude Include="EnumVar.h">
      <Filter>Header Files</Filter>
    </ClInclude>
    <ClInclude Include="ExceptionXMLTags.h">
      <Filter>Header Files</Filter>
    </ClInclude>
    <ClInclude Include="gmeactivebrowser.h">
      <Filter>Header Files</Filter>
    </ClInclude>
    <ClInclude Include="GMEApp.h">
      <Filter>Header Files</Filter>
    </ClInclude>
    <ClInclude Include="GMEBrowser.h">
      <Filter>Header Files</Filter>
    </ClInclude>
    <ClInclude Include="GMEChildFrame.h">
      <Filter>Header Files</Filter>
    </ClInclude>
    <ClInclude Include="GMEChildFrameWrapper.h">
      <Filter>Header Files</Filter>
    </ClInclude>
    <ClInclude Include="GMEConsole.h">
      <Filter>Header Files</Filter>
    </ClInclude>
    <ClInclude Include="GMEDoc.h">
      <Filter>Header Files</Filter>
    </ClInclude>
    <ClInclude Include="GmeDocTemplate.h">
      <Filter>Header Files</Filter>
    </ClInclude>
    <ClInclude Include="GMEEventLogger.h">
      <Filter>Header Files</Filter>
    </ClInclude>
    <ClInclude Include="GMEObjectInspector.h">
      <Filter>Header Files</Filter>
    </ClInclude>
    <ClInclude Include="GMEOLEApp.h">
      <Filter>Header Files</Filter>
    </ClInclude>
    <ClInclude Include="GMEOLEAspect.h">
      <Filter>Header Files</Filter>
    </ClInclude>
    <ClInclude Include="GMEOLEColl.h">
      <Filter>Header Files</Filter>
    </ClInclude>
    <ClInclude Include="GMEOLEData.h">
      <Filter>Header Files</Filter>
    </ClInclude>
    <ClInclude Include="GMEOLEError.h">
      <Filter>Header Files</Filter>
    </ClInclude>
    <ClInclude Include="GMEOLEIt.h">
      <Filter>Header Files</Filter>
    </ClInclude>
    <ClInclude Include="GMEOLEModel.h">
      <Filter>Header Files</Filter>
    </ClInclude>
    <ClInclude Include="GMEOLEPanel.h">
      <Filter>Header Files</Filter>
    </ClInclude>
    <ClInclude Include="GMEPanningWindow.h">
      <Filter>Header Files</Filter>
    </ClInclude>
    <ClInclude Include="GMEPartBrowser.h">
      <Filter>Header Files</Filter>
    </ClInclude>
    <ClInclude Include="GmePrintDialog.h">
      <Filter>Header Files</Filter>
    </ClInclude>
    <ClInclude Include="GMESearch.h">
      <Filter>Header Files</Filter>
    </ClInclude>
    <ClInclude Include="GMEStd.h">
      <Filter>Header Files</Filter>
    </ClInclude>
    <ClInclude Include="GMEVersion.h">
      <Filter>Header Files</Filter>
    </ClInclude>
    <ClInclude Include="GMEView.h">
      <Filter>Header Files</Filter>
    </ClInclude>
    <ClInclude Include="GraphicsUtil.h">
      <Filter>Header Files</Filter>
    </ClInclude>
    <ClInclude Include="GuiMeta.h">
      <Filter>Header Files</Filter>
    </ClInclude>
    <ClInclude Include="GUIObject.h">
      <Filter>Header Files</Filter>
    </ClInclude>
    <ClInclude Include="MainDlgBar.h">
      <Filter>Header Files</Filter>
    </ClInclude>
    <ClInclude Include="MainFrm.h">
      <Filter>Header Files</Filter>
    </ClInclude>
    <ClInclude Include="mfcdual.h">
      <Filter>Header Files</Filter>
    </ClInclude>
    <ClInclude Include="MgaOpenDlg.h">
      <Filter>Header Files</Filter>
    </ClInclude>
    <ClInclude Include="ModelGrid.h">
      <Filter>Header Files</Filter>
    </ClInclude>
    <ClInclude Include="ModelPropertiesDlgBar.h">
      <Filter>Header Files</Filter>
    </ClInclude>
    <ClInclude Include="NewXmlbackendProjDlg.h">
      <Filter>Header Files</Filter>
    </ClInclude>
    <ClInclude Include="objectinspector.h">
      <Filter>Header Files</Filter>
    </ClInclude>
    <ClInclude Include="PanningWindowWrapper.h">
      <Filter>Header Files</Filter>
    </ClInclude>
    <ClInclude Include="ParadigmPropertiesDlg.h">
      <Filter>Header Files</Filter>
    </ClInclude>
    <ClInclude Include="PartBrowserWrapper.h">
      <Filter>Header Files</Filter>
    </ClInclude>
    <ClInclude Include="PendingObjectPosRequest.h">
      <Filter>Header Files</Filter>
    </ClInclude>
    <ClInclude Include="PendingRequest.h">
      <Filter>Header Files</Filter>
    </ClInclude>
    <ClInclude Include="PreviewWnd.h">
      <Filter>Header Files</Filter>
    </ClInclude>
    <ClInclude Include="ProjectPropertiesDlg.h">
      <Filter>Header Files</Filter>
    </ClInclude>
    <ClInclude Include="Resource.h">
      <Filter>Header Files</Filter>
    </ClInclude>
    <ClInclude Include="ScrollZoomView.h">
      <Filter>Header Files</Filter>
    </ClInclude>
    <ClInclude Include="search.h">
      <Filter>Header Files</Filter>
    </ClInclude>
    <ClInclude Include="Splash.h">
      <Filter>Header Files</Filter>
    </ClInclude>
    <ClInclude Include="StdAfx.h">
      <Filter>Header Files</Filter>
    </ClInclude>
    <ClInclude Include="SyncAspListCtrl.h">
      <Filter>Header Files</Filter>
    </ClInclude>
    <ClInclude Include="SyncObjsListCtrl.h">
      <Filter>Header Files</Filter>
    </ClInclude>
    <ClInclude Include="targetver.h">
      <Filter>Header Files</Filter>
    </ClInclude>
    <ClInclude Include="SVNClient.h">
      <Filter>Header Files</Filter>
    </ClInclude>
    <ClInclude Include="SVNDialogCommit.h">
      <Filter>Header Files</Filter>
    </ClInclude>
    <ClInclude Include="SVNDialogLogin.h">
      <Filter>Header Files</Filter>
    </ClInclude>
    <ClInclude Include="SVNDialogPlaintext.h">
      <Filter>Header Files</Filter>
    </ClInclude>
    <ClInclude Include="SVNDialogSSLServerTrust.h">
      <Filter>Header Files</Filter>
    </ClInclude>
    <ClInclude Include="GMEViewOverlay.h">
      <Filter>Header Files</Filter>
    </ClInclude>
  </ItemGroup>
  <ItemGroup>
    <ResourceCompile Include="GME.rc">
      <Filter>Resource Files</Filter>
    </ResourceCompile>
    <ResourceCompile Include="res\AboutBox.rc">
      <Filter>Resource Files</Filter>
    </ResourceCompile>
  </ItemGroup>
  <ItemGroup>
    <CustomBuild Include="..\..\Doc\README_in.txt">
      <Filter>Doc Files</Filter>
    </CustomBuild>
  </ItemGroup>
</Project>