<?xml version="1.0" encoding="utf-8"?>
<Project ToolsVersion="4.0" xmlns="http://schemas.microsoft.com/developer/msbuild/2003">
  <ItemGroup>
    <Filter Include="Source Files">
      <UniqueIdentifier>{8cdb45d3-7b3f-4dff-9d71-17397d6c1e7c}</UniqueIdentifier>
      <Extensions>cpp;c;cxx;rc;def;r;odl;idl;hpj;bat</Extensions>
    </Filter>
    <Filter Include="Header Files">
      <UniqueIdentifier>{9465fd05-dbe6-4f71-88cc-c3fe38f05dfa}</UniqueIdentifier>
      <Extensions>h;hpp;hxx;hm;inl</Extensions>
    </Filter>
    <Filter Include="Resource Files">
      <UniqueIdentifier>{3ba55429-48ac-4c2b-ad9c-26407216b882}</UniqueIdentifier>
      <Extensions>ico;cur;bmp;dlg;rc2;rct;bin;rgs;gif;jpg;jpeg;jpe</Extensions>
    </Filter>
  </ItemGroup>
  <ItemGroup>
    <ClCompile Include="ArrowButton.cpp">
      <Filter>Source Files</Filter>
    </ClCompile>
    <ClCompile Include="Attribute.cpp">
      <Filter>Source Files</Filter>
    </ClCompile>
    <ClCompile Include="ColourPopup.cpp">
      <Filter>Source Files</Filter>
    </ClCompile>
    <ClCompile Include="ComboBoxSelectDlg.cpp">
      <Filter>Source Files</Filter>
    </ClCompile>
    <ClCompile Include="..\Common\CommonError.cpp">
      <Filter>Source Files</Filter>
    </ClCompile>
    <ClCompile Include="..\Common\CommonMfc.cpp">
      <Filter>Source Files</Filter>
    </ClCompile>
    <ClCompile Include="..\Common\CommonSmart.cpp">
      <Filter>Source Files</Filter>
    </ClCompile>
    <ClCompile Include="CompassCheckDlg.cpp">
      <Filter>Source Files</Filter>
    </ClCompile>
    <ClCompile Include="CompassData.cpp">
      <Filter>Source Files</Filter>
    </ClCompile>
    <ClCompile Include="CompassOptDlg.cpp">
      <Filter>Source Files</Filter>
    </ClCompile>
    <ClCompile Include="HooverListBox.cpp">
      <Filter>Source Files</Filter>
    </ClCompile>
    <ClCompile Include="InPlaceCommon.cpp">
      <Filter>Source Files</Filter>
    </ClCompile>
    <ClCompile Include="InPlaceEdit.cpp">
      <Filter>Source Files</Filter>
    </ClCompile>
    <ClCompile Include="InPlaceManager.cpp">
      <Filter>Source Files</Filter>
    </ClCompile>
    <ClCompile Include="InspectorDlg.cpp">
      <Filter>Source Files</Filter>
    </ClCompile>
    <ClCompile Include="InspectorEntry.cpp">
      <Filter>Source Files</Filter>
    </ClCompile>
    <ClCompile Include="InspectorList.cpp">
      <Filter>Source Files</Filter>
    </ClCompile>
    <ClCompile Include="InspectorSheet.cpp">
      <Filter>Source Files</Filter>
    </ClCompile>
    <ClCompile Include="ItemData.cpp">
      <Filter>Source Files</Filter>
    </ClCompile>
    <ClCompile Include="..\GMEActiveBrowser\MgaObjectEventList.cpp">
      <Filter>Source Files</Filter>
    </ClCompile>
    <ClCompile Include="NameEdit.cpp">
      <Filter>Source Files</Filter>
    </ClCompile>
    <ClCompile Include="..\GMEActiveBrowser\ObjectEventWrapper.cpp">
      <Filter>Source Files</Filter>
    </ClCompile>
    <ClCompile Include="ObjectInspector.cpp">
      <Filter>Source Files</Filter>
    </ClCompile>
    <ClCompile Include="ObjectInspectorCtl.cpp">
      <Filter>Source Files</Filter>
    </ClCompile>
    <ClCompile Include="ObjectInspectorPpg.cpp">
      <Filter>Source Files</Filter>
    </ClCompile>
    <ClCompile Include="Preference.cpp">
      <Filter>Source Files</Filter>
    </ClCompile>
    <ClCompile Include="Property.cpp">
      <Filter>Source Files</Filter>
    </ClCompile>
    <ClCompile Include="SplitterBar.cpp">
      <Filter>Source Files</Filter>
    </ClCompile>
    <ClCompile Include="StdAfx.cpp">
      <Filter>Source Files</Filter>
    </ClCompile>
  </ItemGroup>
  <ItemGroup>
    <None Include="ObjectInspector.def">
      <Filter>Source Files</Filter>
    </None>
    <None Include="compass.bmp">
      <Filter>Resource Files</Filter>
    </None>
    <None Include="compass.ico">
      <Filter>Resource Files</Filter>
    </None>
    <None Include="res\compass_check.bmp">
      <Filter>Resource Files</Filter>
    </None>
    <None Include="res\compass_opt.bmp">
      <Filter>Resource Files</Filter>
    </None>
    <None Include="compasscheck.bmp">
      <Filter>Resource Files</Filter>
    </None>
    <None Include="res\external_editor.bmp">
      <Filter>Resource Files</Filter>
    </None>
    <None Include="icon_rev.ico">
      <Filter>Resource Files</Filter>
    </None>
    <None Include="ObjectInspector.ico">
      <Filter>Resource Files</Filter>
    </None>
    <None Include="ObjectInspectorCtl.bmp">
      <Filter>Resource Files</Filter>
    </None>
    <None Include="ReadMe.txt" />
  </ItemGroup>
  <ItemGroup>
    <Midl Include="ObjectInspector.odl">
      <Filter>Source Files</Filter>
    </Midl>
  </ItemGroup>
  <ItemGroup>
    <ResourceCompile Include="ObjectInspector.rc">
      <Filter>Source Files</Filter>
    </ResourceCompile>
  </ItemGroup>
  <ItemGroup>
    <ClInclude Include="ArrowButton.h">
      <Filter>Header Files</Filter>
    </ClInclude>
    <ClInclude Include="Attribute.h">
      <Filter>Header Files</Filter>
    </ClInclude>
    <ClInclude Include="ColourPopup.h">
      <Filter>Header Files</Filter>
    </ClInclude>
    <ClInclude Include="ComboBoxSelectDlg.h">
      <Filter>Header Files</Filter>
    </ClInclude>
    <ClInclude Include="..\Common\CommonError.h">
      <Filter>Header Files</Filter>
    </ClInclude>
    <ClInclude Include="..\Common\CommonMfc.h">
      <Filter>Header Files</Filter>
    </ClInclude>
    <ClInclude Include="..\Common\CommonMgaTrukk.h">
      <Filter>Header Files</Filter>
    </ClInclude>
    <ClInclude Include="..\Common\CommonSmart.h">
      <Filter>Header Files</Filter>
    </ClInclude>
    <ClInclude Include="CompassCheckDlg.h">
      <Filter>Header Files</Filter>
    </ClInclude>
    <ClInclude Include="CompassData.h">
      <Filter>Header Files</Filter>
    </ClInclude>
    <ClInclude Include="CompassOptDlg.h">
      <Filter>Header Files</Filter>
    </ClInclude>
    <ClInclude Include="HooverListBox.h">
      <Filter>Header Files</Filter>
    </ClInclude>
    <ClInclude Include="InPlaceCommon.h">
      <Filter>Header Files</Filter>
    </ClInclude>
    <ClInclude Include="InPlaceEdit.h">
      <Filter>Header Files</Filter>
    </ClInclude>
    <ClInclude Include="InPlaceManager.h">
      <Filter>Header Files</Filter>
    </ClInclude>
    <ClInclude Include="InspectorDefs.h">
      <Filter>Header Files</Filter>
    </ClInclude>
    <ClInclude Include="InspectorDlg.h">
      <Filter>Header Files</Filter>
    </ClInclude>
    <ClInclude Include="InspectorEntry.h">
      <Filter>Header Files</Filter>
    </ClInclude>
    <ClInclude Include="InspectorList.h">
      <Filter>Header Files</Filter>
    </ClInclude>
    <ClInclude Include="InspectorSheet.h">
      <Filter>Header Files</Filter>
    </ClInclude>
    <ClInclude Include="ItemData.h">
      <Filter>Header Files</Filter>
    </ClInclude>
    <ClInclude Include="..\GMEActiveBrowser\MgaObjectEventList.h">
      <Filter>Header Files</Filter>
    </ClInclude>
    <ClInclude Include="NameEdit.h">
      <Filter>Header Files</Filter>
    </ClInclude>
    <ClInclude Include="..\GMEActiveBrowser\ObjectEventWrapper.h">
      <Filter>Header Files</Filter>
    </ClInclude>
    <ClInclude Include="ObjectInspector.h">
      <Filter>Header Files</Filter>
    </ClInclude>
    <ClInclude Include="ObjectInspectorCtl.h">
      <Filter>Header Files</Filter>
    </ClInclude>
    <ClInclude Include="ObjectInspectorPpg.h">
      <Filter>Header Files</Filter>
    </ClInclude>
    <ClInclude Include="Preference.h">
      <Filter>Header Files</Filter>
    </ClInclude>
    <ClInclude Include="Property.h">
      <Filter>Header Files</Filter>
    </ClInclude>
    <ClInclude Include="Resource.h">
      <Filter>Header Files</Filter>
    </ClInclude>
    <ClInclude Include="SplitterBar.h">
      <Filter>Header Files</Filter>
    </ClInclude>
    <ClInclude Include="StdAfx.h">
      <Filter>Header Files</Filter>
    </ClInclude>
    <ClInclude Include="targetver.h">
      <Filter>Header Files</Filter>
    </ClInclude>
  </ItemGroup>
</Project>