<?xml version="1.0" encoding="utf-8"?>
<Project ToolsVersion="4.0" xmlns="http://schemas.microsoft.com/developer/msbuild/2003">
  <ItemGroup>
    <Filter Include="Source Files">
      <UniqueIdentifier>{a569a111-865d-4071-99a0-e7f74f9985eb}</UniqueIdentifier>
      <Extensions>cpp;c;cxx;rc;def;r;odl;idl;hpj;bat</Extensions>
    </Filter>
    <Filter Include="Header Files">
      <UniqueIdentifier>{3d5bfcb5-3757-4b7d-8f3e-2b55e3939de2}</UniqueIdentifier>
      <Extensions>h;hpp;hxx;hm;inl</Extensions>
    </Filter>
    <Filter Include="Resource Files">
      <UniqueIdentifier>{b6a5368d-a5e9-4ed0-a75a-b1a98db2cae6}</UniqueIdentifier>
      <Extensions>ico;cur;bmp;dlg;rc2;rct;bin;rgs;gif;jpg;jpeg;jpe</Extensions>
    </Filter>
  </ItemGroup>
  <ItemGroup>
    <ClCompile Include="$(GME_ROOT)\GME\Common\CommonError.cpp">
      <Filter>Source Files</Filter>
    </ClCompile>
    <ClCompile Include="$(GME_ROOT)\GME\Common\CommonSmart.cpp">
      <Filter>Source Files</Filter>
    </ClCompile>
    <ClCompile Include="$(GME_ROOT)\SDK\BON\Common\ComponentDll.cpp">
      <Filter>Source Files</Filter>
    </ClCompile>
    <ClCompile Include="$(GME_ROOT)\SDK\BON\Common\ComponentObj.cpp">
      <Filter>Source Files</Filter>
    </ClCompile>
    <ClCompile Include="$(GME_ROOT)\SDK\BON\Common\Console.cpp">
      <Filter>Source Files</Filter>
    </ClCompile>
    <ClCompile Include="$(GME_ROOT)\SDK\BON\Common\Exceptions.cpp">
      <Filter>Source Files</Filter>
    </ClCompile>
    <ClCompile Include="$(GME_ROOT)\SDK\BON\Common\Formatter.cpp">
      <Filter>Source Files</Filter>
    </ClCompile>
    <ClCompile Include="RawComponent.cpp">
      <Filter>Source Files</Filter>
    </ClCompile>
    <ClCompile Include="StdAfx.cpp">
      <Filter>Source Files</Filter>
    </ClCompile>
    <ClCompile Include="ComponentDll.cpp">
      <Filter>Source Files</Filter>
    </ClCompile>
    <ClCompile Include="$(GME_ROOT)\SDK\BON\Common\ComHelp.cpp">
      <Filter>Source Files</Filter>
    </ClCompile>
  </ItemGroup>
  <ItemGroup>
    <None Include="component.def">
      <Filter>Source Files</Filter>
    </None>
    <None Include="compicon.ico">
      <Filter>Resource Files</Filter>
    </None>
  </ItemGroup>
  <ItemGroup>
    <ResourceCompile Include="Component.rc">
      <Filter>Source Files</Filter>
    </ResourceCompile>
  </ItemGroup>
  <ItemGroup>
    <Midl Include="$(GME_ROOT)\SDK\BON\Common\ComponentLib.idl">
      <Filter>Source Files</Filter>
    </Midl>
  </ItemGroup>
  <ItemGroup>
    <ClInclude Include="ComponentConfig.h">
      <Filter>Header Files</Filter>
    </ClInclude>
    <ClInclude Include="ComponentDll.h">
      <Filter>Header Files</Filter>
    </ClInclude>
    <ClInclude Include="$(GME_ROOT)\SDK\BON\Common\Console.h">
      <Filter>Header Files</Filter>
    </ClInclude>
    <ClInclude Include="$(GME_ROOT)\SDK\BON\Common\Formatter.h">
      <Filter>Header Files</Filter>
    </ClInclude>
    <ClInclude Include="RawComponent.h">
      <Filter>Header Files</Filter>
    </ClInclude>
    <ClInclude Include="Resource.h">
      <Filter>Header Files</Filter>
    </ClInclude>
    <ClInclude Include="StdAfx.h">
      <Filter>Header Files</Filter>
    </ClInclude>
    <ClInclude Include="$(GME_ROOT)\SDK\BON\Common\targetver.h">
      <Filter>Header Files</Filter>
    </ClInclude>
    <ClInclude Include="ComponentLib_h.h">
      <Filter>Header Files</Filter>
    </ClInclude>
    <ClInclude Include="ComponentObj.h">
      <Filter>Header Files</Filter>
    </ClInclude>
    <ClInclude Include="$(GME_ROOT)\SDK\BON\Common\ComHelp.h">
      <Filter>Header Files</Filter>
    </ClInclude>
    <ClInclude Include="$(GME_ROOT)\SDK\BON\Common\GMECOM.H">
      <Filter>Header Files</Filter>
    </ClInclude>
  </ItemGroup>
</Project>