<?xml version="1.0" encoding="utf-8"?>
<Project ToolsVersion="4.0" xmlns="http://schemas.microsoft.com/developer/msbuild/2003">
  <ItemGroup>
    <Filter Include="Source Files">
      <UniqueIdentifier>{99d3a8c5-75e7-495f-8358-c70992f7c9f3}</UniqueIdentifier>
      <Extensions>cpp;c;cxx;rc;def;r;odl;idl;hpj;bat</Extensions>
    </Filter>
    <Filter Include="Header Files">
      <UniqueIdentifier>{9ecaa67f-601d-42ca-b94f-675c20a5b821}</UniqueIdentifier>
      <Extensions>h;hpp;hxx;hm;inl</Extensions>
    </Filter>
    <Filter Include="Resources">
      <UniqueIdentifier>{efd0bad5-950b-47bf-82e5-ff5fd5de142a}</UniqueIdentifier>
    </Filter>
  </ItemGroup>
  <ItemGroup>
    <ClCompile Include="Decorator.cpp">
      <Filter>Source Files</Filter>
    </ClCompile>
    <ClCompile Include="DecoratorApp.cpp">
      <Filter>Source Files</Filter>
    </ClCompile>
    <ClCompile Include="DecoratorCompositePart.cpp">
      <Filter>Source Files</Filter>
    </ClCompile>
    <ClCompile Include="DecoratorImpl.cpp">
      <Filter>Source Files</Filter>
    </ClCompile>
    <ClCompile Include="mfcdual.cpp">
      <Filter>Source Files</Filter>
    </ClCompile>
    <ClCompile Include="StdAfx.cpp">
      <Filter>Source Files</Filter>
    </ClCompile>
    <ClCompile Include="GMEOLEData.cpp">
      <Filter>Source Files</Filter>
    </ClCompile>
  </ItemGroup>
  <ItemGroup>
    <ResourceCompile Include="Decorator.rc">
      <Filter>Source Files</Filter>
    </ResourceCompile>
  </ItemGroup>
  <ItemGroup>
    <None Include="DecoratorApp.def">
      <Filter>Source Files</Filter>
    </None>
    <None Include="Decorator.rgs">
      <Filter>Resources</Filter>
    </None>
  </ItemGroup>
  <ItemGroup>
    <Midl Include="DecoratorLib.idl">
      <Filter>Source Files</Filter>
    </Midl>
  </ItemGroup>
  <ItemGroup>
    <ClInclude Include="Decorator.h">
      <Filter>Header Files</Filter>
    </ClInclude>
    <ClInclude Include="DecoratorCompositePart.h">
      <Filter>Header Files</Filter>
    </ClInclude>
    <ClInclude Include="DecoratorConfig.h">
      <Filter>Header Files</Filter>
    </ClInclude>
    <ClInclude Include="DecoratorImpl.h">
      <Filter>Header Files</Filter>
    </ClInclude>
    <ClInclude Include="mfcdual.h">
      <Filter>Header Files</Filter>
    </ClInclude>
    <ClInclude Include="Resource.h">
      <Filter>Header Files</Filter>
    </ClInclude>
    <ClInclude Include="StdAfx.h">
      <Filter>Header Files</Filter>
    </ClInclude>
    <ClInclude Include="GMEOLEData.h">
      <Filter>Header Files</Filter>
    </ClInclude>
  </ItemGroup>
</Project>