<?xml version="1.0" encoding="utf-8"?>
<Project ToolsVersion="4.0" xmlns="http://schemas.microsoft.com/developer/msbuild/2003">
  <ItemGroup>
    <Filter Include="Source Files">
      <UniqueIdentifier>{6704a4fb-2d3d-43e5-ad85-85b6660ee9b6}</UniqueIdentifier>
      <Extensions>cpp;c;cxx;rc;def;r;odl;idl;hpj;bat</Extensions>
    </Filter>
    <Filter Include="Header Files">
      <UniqueIdentifier>{97d620eb-58f3-4d66-84c0-435c4867c8d3}</UniqueIdentifier>
      <Extensions>h;hpp;hxx;hm;inl</Extensions>
    </Filter>
    <Filter Include="Resource Files">
      <UniqueIdentifier>{3dd8d4f8-1742-48af-939b-aedbf70676f5}</UniqueIdentifier>
      <Extensions>ico;cur;bmp;dlg;rc2;rct;bin;rgs;gif;jpg;jpeg;jpe</Extensions>
    </Filter>
  </ItemGroup>
  <ItemGroup>
    <ClCompile Include="AlterNmspDlg.cpp">
      <Filter>Source Files</Filter>
    </ClCompile>
    <ClCompile Include="AnnotationAspectList.cpp">
      <Filter>Source Files</Filter>
    </ClCompile>
    <ClCompile Include="AnnotationBrowserDlg.cpp">
      <Filter>Source Files</Filter>
    </ClCompile>
    <ClCompile Include="AnnotationList.cpp">
      <Filter>Source Files</Filter>
    </ClCompile>
    <ClCompile Include="AnnotationNode.cpp">
      <Filter>Source Files</Filter>
    </ClCompile>
    <ClCompile Include="AnnotationPanel.cpp">
      <Filter>Source Files</Filter>
    </ClCompile>
    <ClCompile Include="AnnotationUtil.cpp">
      <Filter>Source Files</Filter>
    </ClCompile>
    <ClCompile Include="ClosureDlg.cpp">
      <Filter>Source Files</Filter>
    </ClCompile>
    <ClCompile Include="ClosureKindSel.cpp">
      <Filter>Source Files</Filter>
    </ClCompile>
    <ClCompile Include="ClosureRes.cpp">
      <Filter>Source Files</Filter>
    </ClCompile>
    <ClCompile Include="ClosureSimple.cpp">
      <Filter>Source Files</Filter>
    </ClCompile>
    <ClCompile Include="ClosureSmart.cpp">
      <Filter>Source Files</Filter>
    </ClCompile>
    <ClCompile Include="colorbtn.cpp">
      <Filter>Source Files</Filter>
    </ClCompile>
    <ClCompile Include="..\Common\CommonError.cpp">
      <Filter>Source Files</Filter>
    </ClCompile>
    <ClCompile Include="..\Common\CommonMfc.cpp">
      <Filter>Source Files</Filter>
    </ClCompile>
    <ClCompile Include="..\Common\CommonSmart.cpp">
      <Filter>Source Files</Filter>
    </ClCompile>
    <ClCompile Include="..\Common\CommonStl.cpp">
      <Filter>Source Files</Filter>
    </ClCompile>
    <ClCompile Include="CompDlg.cpp">
      <Filter>Source Files</Filter>
    </ClCompile>
    <ClCompile Include="CompInfoDlg.cpp">
      <Filter>Source Files</Filter>
    </ClCompile>
    <ClCompile Include="ComponentProxy.cpp">
      <Filter>Source Files</Filter>
    </ClCompile>
    <ClCompile Include="DialogList.cpp">
      <Filter>Source Files</Filter>
    </ClCompile>
    <ClCompile Include="DirDialog.cpp">
      <Filter>Source Files</Filter>
    </ClCompile>
    <ClCompile Include="GmeDlg.cpp">
      <Filter>Source Files</Filter>
    </ClCompile>
    <ClCompile Include="GUIDCreate.cpp">
      <Filter>Source Files</Filter>
    </ClCompile>
    <ClCompile Include="MakeClosure.cpp">
      <Filter>Source Files</Filter>
    </ClCompile>
    <ClCompile Include="MakeKindClosure.cpp">
      <Filter>Source Files</Filter>
    </ClCompile>
    <ClCompile Include="MakeSimpleClosure.cpp">
      <Filter>Source Files</Filter>
    </ClCompile>
    <ClCompile Include="MetaDlg.cpp">
      <Filter>Source Files</Filter>
    </ClCompile>
    <ClCompile Include="MetaPurgeDialog.cpp">
      <Filter>Source Files</Filter>
    </ClCompile>
    <ClCompile Include="MgaClosure.cpp">
      <Filter>Source Files</Filter>
    </ClCompile>
    <ClCompile Include="MgaEventLogger.cpp">
      <Filter>Source Files</Filter>
    </ClCompile>
    <ClCompile Include="MgaLauncher.cpp">
      <Filter>Source Files</Filter>
    </ClCompile>
    <ClCompile Include="MgaProgressDlg.cpp">
      <Filter>Source Files</Filter>
    </ClCompile>
    <ClCompile Include="MgaRegistrar.cpp">
      <Filter>Source Files</Filter>
    </ClCompile>
    <ClCompile Include="MgaResolver.cpp">
      <Filter>Source Files</Filter>
    </ClCompile>
    <ClCompile Include="MgaUtilApp.cpp">
      <Filter>Source Files</Filter>
    </ClCompile>
    <ClCompile Include="RegBrwNode.cpp">
      <Filter>Source Files</Filter>
    </ClCompile>
    <ClCompile Include="RegistryBrowserDlg.cpp">
      <Filter>Source Files</Filter>
    </ClCompile>
    <ClCompile Include="RegistryPanel.cpp">
      <Filter>Source Files</Filter>
    </ClCompile>
    <ClCompile Include="RegistryTree.cpp">
      <Filter>Source Files</Filter>
    </ClCompile>
    <ClCompile Include="SplitterBar.cpp">
      <Filter>Source Files</Filter>
    </ClCompile>
    <ClCompile Include="StdAfx.cpp">
      <Filter>Source Files</Filter>
    </ClCompile>
    <ClCompile Include="UACUtils.cpp">
      <Filter>Source Files</Filter>
    </ClCompile>
    <ClCompile Include="..\Gme\GMEVistaUtil.cpp">
      <Filter>Source Files</Filter>
    </ClCompile>
  </ItemGroup>
  <ItemGroup>
    <None Include="MgaUtil.def">
      <Filter>Source Files</Filter>
    </None>
    <None Include="res\AddOnStatus.bmp">
      <Filter>Resource Files</Filter>
    </None>
    <None Include="res\colorbtn.rc2">
      <Filter>Resource Files</Filter>
    </None>
    <None Include="res\CompImageList.bmp">
      <Filter>Resource Files</Filter>
    </None>
    <None Include="ComponentProxy.rgs">
      <Filter>Resource Files</Filter>
    </None>
    <None Include="..\Gme\res\GME.ico">
      <Filter>Resource Files</Filter>
    </None>
    <None Include="res\icon_reghere.ico">
      <Filter>Resource Files</Filter>
    </None>
    <None Include="res\icon_reginherit.ico">
      <Filter>Resource Files</Filter>
    </None>
    <None Include="res\icon_reginvalid.ico">
      <Filter>Resource Files</Filter>
    </None>
    <None Include="res\icon_regmeta.ico">
      <Filter>Resource Files</Filter>
    </None>
    <None Include="res\icon_regundef.ico">
      <Filter>Resource Files</Filter>
    </None>
    <None Include="mgaclosure.rgs">
      <Filter>Resource Files</Filter>
    </None>
    <None Include="MgaEventLogger.rgs">
      <Filter>Resource Files</Filter>
    </None>
    <None Include="MgaLauncher.rgs">
      <Filter>Resource Files</Filter>
    </None>
    <None Include="MgaProgressDlg.rgs">
      <Filter>Resource Files</Filter>
    </None>
    <None Include="MgaRegistrar.rgs">
      <Filter>Resource Files</Filter>
    </None>
    <None Include="MgaResolver.rgs">
      <Filter>Resource Files</Filter>
    </None>
    <None Include="res\MgaUtil.rc2">
      <Filter>Resource Files</Filter>
    </None>
    <None Include="MgaUtilLib.rgs">
      <Filter>Resource Files</Filter>
    </None>
  </ItemGroup>
  <ItemGroup>
    <ResourceCompile Include="MgaUtil.rc">
      <Filter>Source Files</Filter>
    </ResourceCompile>
  </ItemGroup>
  <ItemGroup>
    <ClInclude Include="AlterNmspDlg.h">
      <Filter>Header Files</Filter>
    </ClInclude>
    <ClInclude Include="AnnotationAspectList.h">
      <Filter>Header Files</Filter>
    </ClInclude>
    <ClInclude Include="AnnotationBrowserDlg.h">
      <Filter>Header Files</Filter>
    </ClInclude>
    <ClInclude Include="AnnotationList.h">
      <Filter>Header Files</Filter>
    </ClInclude>
    <ClInclude Include="AnnotationNode.h">
      <Filter>Header Files</Filter>
    </ClInclude>
    <ClInclude Include="AnnotationPanel.h">
      <Filter>Header Files</Filter>
    </ClInclude>
    <ClInclude Include="AnnotationUtil.h">
      <Filter>Header Files</Filter>
    </ClInclude>
    <ClInclude Include="ClosureDlg.h">
      <Filter>Header Files</Filter>
    </ClInclude>
    <ClInclude Include="ClosureKindSel.h">
      <Filter>Header Files</Filter>
    </ClInclude>
    <ClInclude Include="ClosureRes.h">
      <Filter>Header Files</Filter>
    </ClInclude>
    <ClInclude Include="ClosureSimple.h">
      <Filter>Header Files</Filter>
    </ClInclude>
    <ClInclude Include="ClosureSmart.h">
      <Filter>Header Files</Filter>
    </ClInclude>
    <ClInclude Include="colorbtn.h">
      <Filter>Header Files</Filter>
    </ClInclude>
    <ClInclude Include="ComHelp.h">
      <Filter>Header Files</Filter>
    </ClInclude>
    <ClInclude Include="..\Common\CommonStl.h">
      <Filter>Header Files</Filter>
    </ClInclude>
    <ClInclude Include="CompDlg.h">
      <Filter>Header Files</Filter>
    </ClInclude>
    <ClInclude Include="CompInfoDlg.h">
      <Filter>Header Files</Filter>
    </ClInclude>
    <ClInclude Include="ComponentProxy.h">
      <Filter>Header Files</Filter>
    </ClInclude>
    <ClInclude Include="DialogList.h">
      <Filter>Header Files</Filter>
    </ClInclude>
    <ClInclude Include="DirDialog.h">
      <Filter>Header Files</Filter>
    </ClInclude>
    <ClInclude Include="GmeDlg.h">
      <Filter>Header Files</Filter>
    </ClInclude>
    <ClInclude Include="GUIDCreate.h">
      <Filter>Header Files</Filter>
    </ClInclude>
    <ClInclude Include="MakeClosure.h">
      <Filter>Header Files</Filter>
    </ClInclude>
    <ClInclude Include="MakeKindClosure.h">
      <Filter>Header Files</Filter>
    </ClInclude>
    <ClInclude Include="MakeSimpleClosure.h">
      <Filter>Header Files</Filter>
    </ClInclude>
    <ClInclude Include="MetaDlg.h">
      <Filter>Header Files</Filter>
    </ClInclude>
    <ClInclude Include="MetaPurgeDialog.h">
      <Filter>Header Files</Filter>
    </ClInclude>
    <ClInclude Include="MgaClosure.h">
      <Filter>Header Files</Filter>
    </ClInclude>
    <ClInclude Include="MgaEventLogger.h">
      <Filter>Header Files</Filter>
    </ClInclude>
    <ClInclude Include="MgaLauncher.h">
      <Filter>Header Files</Filter>
    </ClInclude>
    <ClInclude Include="MgaProgressDlg.h">
      <Filter>Header Files</Filter>
    </ClInclude>
    <ClInclude Include="MgaRegistrar.h">
      <Filter>Header Files</Filter>
    </ClInclude>
    <ClInclude Include="MgaResolver.h">
      <Filter>Header Files</Filter>
    </ClInclude>
    <ClInclude Include="MgaUtilApp.h">
      <Filter>Header Files</Filter>
    </ClInclude>
    <ClInclude Include="RegBrwNode.h">
      <Filter>Header Files</Filter>
    </ClInclude>
    <ClInclude Include="RegistryBrowserDlg.h">
      <Filter>Header Files</Filter>
    </ClInclude>
    <ClInclude Include="RegistryPanel.h">
      <Filter>Header Files</Filter>
    </ClInclude>
    <ClInclude Include="RegistryTree.h">
      <Filter>Header Files</Filter>
    </ClInclude>
    <ClInclude Include="Resource.h">
      <Filter>Header Files</Filter>
    </ClInclude>
    <ClInclude Include="SplitterBar.h">
      <Filter>Header Files</Filter>
    </ClInclude>
    <ClInclude Include="StdAfx.h">
      <Filter>Header Files</Filter>
    </ClInclude>
    <ClInclude Include="targetver.h">
      <Filter>Header Files</Filter>
    </ClInclude>
    <ClInclude Include="UACUtils.h">
      <Filter>Header Files</Filter>
    </ClInclude>
  </ItemGroup>
</Project>