<?xml version="1.0" encoding="utf-8"?>
<Project ToolsVersion="4.0" xmlns="http://schemas.microsoft.com/developer/msbuild/2003">
  <ItemGroup>
    <Filter Include="Source Files">
      <UniqueIdentifier>{deafb026-0377-4879-b45d-31760fc9541e}</UniqueIdentifier>
      <Extensions>cpp;c;cxx;rc;def;r;odl;idl;hpj;bat</Extensions>
    </Filter>
    <Filter Include="Header Files">
      <UniqueIdentifier>{ddb9446a-d018-4b18-9782-76ebe0f92f11}</UniqueIdentifier>
      <Extensions>h;hpp;hxx;hm;inl</Extensions>
    </Filter>
  </ItemGroup>
  <ItemGroup>
    <ClCompile Include="CommonError.cpp">
      <Filter>Source Files</Filter>
    </ClCompile>
    <ClCompile Include="CommonMfc.cpp">
      <Filter>Source Files</Filter>
    </ClCompile>
    <ClCompile Include="CommonSmart.cpp">
      <Filter>Source Files</Filter>
    </ClCompile>
    <ClCompile Include="CommonStl.cpp">
      <Filter>Source Files</Filter>
    </ClCompile>
    <ClCompile Include="stdafx.cpp">
      <Filter>Source Files</Filter>
    </ClCompile>
  </ItemGroup>
  <ItemGroup>
    <ClInclude Include="CommonCollection.h">
      <Filter>Header Files</Filter>
    </ClInclude>
    <ClInclude Include="CommonComponent.h">
      <Filter>Header Files</Filter>
    </ClInclude>
    <ClInclude Include="CommonError.h">
      <Filter>Header Files</Filter>
    </ClInclude>
    <ClInclude Include="CommonMfc.h">
      <Filter>Header Files</Filter>
    </ClInclude>
    <ClInclude Include="CommonMgaTrukk.h">
      <Filter>Header Files</Filter>
    </ClInclude>
    <ClInclude Include="CommonSmart.h">
      <Filter>Header Files</Filter>
    </ClInclude>
    <ClInclude Include="CommonStl.h">
      <Filter>Header Files</Filter>
    </ClInclude>
    <ClInclude Include="CommonVersionInfo.h">
      <Filter>Header Files</Filter>
    </ClInclude>
    <ClInclude Include="targetver.h">
      <Filter>Header Files</Filter>
    </ClInclude>
    <ClInclude Include="stdafx.h">
      <Filter>Header Files</Filter>
    </ClInclude>
    <ClInclude Include="CommonImport.h">
      <Filter>Header Files</Filter>
    </ClInclude>
    <ClInclude Include="CommonMath.h">
      <Filter>Header Files</Filter>
    </ClInclude>
  </ItemGroup>
</Project>