<?xml version="1.0" encoding="utf-8"?>
<Project ToolsVersion="4.0" xmlns="http://schemas.microsoft.com/developer/msbuild/2003">
  <ItemGroup>
    <Filter Include="Source Files">
      <UniqueIdentifier>{bf40c804-abaa-41bd-a449-c91ea98e0611}</UniqueIdentifier>
      <Extensions>cpp;c;cxx;rc;def;r;odl;idl;hpj;bat</Extensions>
    </Filter>
    <Filter Include="Header Files">
      <UniqueIdentifier>{7bebdb97-459d-41e1-9997-926fda0110e6}</UniqueIdentifier>
      <Extensions>h;hpp;hxx;hm;inl</Extensions>
    </Filter>
    <Filter Include="Resources">
      <UniqueIdentifier>{4e330758-f974-41b7-978d-c841eeb38989}</UniqueIdentifier>
    </Filter>
  </ItemGroup>
  <ItemGroup>
    <ResourceCompile Include="Decorator.rc">
      <Filter>Source Files</Filter>
    </ResourceCompile>
  </ItemGroup>
  <ItemGroup>
    <ClCompile Include="DecoratorApp.cpp">
      <Filter>Source Files</Filter>
    </ClCompile>
    <ClCompile Include="MetaAttributePart.cpp">
      <Filter>Source Files</Filter>
    </ClCompile>
    <ClCompile Include="MetaClassPart.cpp">
      <Filter>Source Files</Filter>
    </ClCompile>
    <ClCompile Include="MetaCompositePart.cpp">
      <Filter>Source Files</Filter>
    </ClCompile>
    <ClCompile Include="MetaDecorator.cpp">
      <Filter>Source Files</Filter>
    </ClCompile>
    <ClCompile Include="MetaDecoratorImpl.cpp">
      <Filter>Source Files</Filter>
    </ClCompile>
    <ClCompile Include="MetaDecoratorUtil.cpp">
      <Filter>Source Files</Filter>
    </ClCompile>
    <ClCompile Include="MetaStereoLabelPart.cpp">
      <Filter>Source Files</Filter>
    </ClCompile>
    <ClCompile Include="StdAfx.cpp">
      <Filter>Source Files</Filter>
    </ClCompile>
  </ItemGroup>
  <ItemGroup>
    <None Include="DecoratorApp.def">
      <Filter>Source Files</Filter>
    </None>
    <None Include="Decorator.rgs">
      <Filter>Resources</Filter>
    </None>
    <None Include="res\referencesign.bmp">
      <Filter>Resources</Filter>
    </None>
  </ItemGroup>
  <ItemGroup>
    <Midl Include="DecoratorLib.idl">
      <Filter>Source Files</Filter>
    </Midl>
  </ItemGroup>
  <ItemGroup>
    <ClInclude Include="DecoratorConfig.h">
      <Filter>Header Files</Filter>
    </ClInclude>
    <ClInclude Include="DecoratorStd.h">
      <Filter>Header Files</Filter>
    </ClInclude>
    <ClInclude Include="MetaAttributePart.h">
      <Filter>Header Files</Filter>
    </ClInclude>
    <ClInclude Include="MetaClassPart.h">
      <Filter>Header Files</Filter>
    </ClInclude>
    <ClInclude Include="MetaCompositePart.h">
      <Filter>Header Files</Filter>
    </ClInclude>
    <ClInclude Include="MetaDecorator.h">
      <Filter>Header Files</Filter>
    </ClInclude>
    <ClInclude Include="MetaDecoratorImpl.h">
      <Filter>Header Files</Filter>
    </ClInclude>
    <ClInclude Include="MetaDecoratorUtil.h">
      <Filter>Header Files</Filter>
    </ClInclude>
    <ClInclude Include="MetaStereoLabelPart.h">
      <Filter>Header Files</Filter>
    </ClInclude>
    <ClInclude Include="Resource.h">
      <Filter>Header Files</Filter>
    </ClInclude>
    <ClInclude Include="StdAfx.h">
      <Filter>Header Files</Filter>
    </ClInclude>
    <ClInclude Include="targetver.h">
      <Filter>Header Files</Filter>
    </ClInclude>
  </ItemGroup>
</Project>