
Microsoft Visual Studio Solution File, Format Version 11.00
# Visual Studio 2010
Project("{8BC9CEB8-8B4A-11D0-8D11-00A0C91BC942}") = "TestGMELeaks", "TestGMELeaks.vcxproj", "{AC29FFB3-C461-4D5F-9299-6C3CED1FD47F}"
EndProject
Global
	GlobalSection(SolutionConfigurationPlatforms) = preSolution
		Debug|Win32 = Debug|Win32
		Release|Win32 = Release|Win32
	EndGlobalSection
	GlobalSection(ProjectConfigurationPlatforms) = postSolution
		{AC29FFB3-C461-4D5F-9299-6C3CED1FD47F}.Debug|Win32.ActiveCfg = Debug|Win32
		{AC29FFB3-C461-4D5F-9299-6C3CED1FD47F}.Debug|Win32.Build.0 = Debug|Win32
		{AC29FFB3-C461-4D5F-9299-6C3CED1FD47F}.Release|Win32.ActiveCfg = Release|Win32
		{AC29FFB3-C461-4D5F-9299-6C3CED1FD47F}.Release|Win32.Build.0 = Release|Win32
	EndGlobalSection
	GlobalSection(SolutionProperties) = preSolution
		HideSolutionNode = FALSE
	EndGlobalSection
EndGlobal
