<?xml version="1.0" encoding="utf-8"?>
<Project ToolsVersion="4.0" xmlns="http://schemas.microsoft.com/developer/msbuild/2003">
  <ItemGroup>
    <Filter Include="Source Files">
      <UniqueIdentifier>{863a55b2-8928-4ddf-b330-20b446813c68}</UniqueIdentifier>
      <Extensions>cpp;c;cxx;rc;def;r;odl;idl;hpj;bat</Extensions>
    </Filter>
    <Filter Include="Header Files">
      <UniqueIdentifier>{bd96c936-0a80-4b0a-8408-ac1fe1057000}</UniqueIdentifier>
      <Extensions>h;hpp;hxx;hm;inl</Extensions>
    </Filter>
    <Filter Include="Resource Files">
      <UniqueIdentifier>{94a5a6aa-600c-408e-bf53-57b8786e3760}</UniqueIdentifier>
      <Extensions>ico;cur;bmp;dlg;rc2;rct;bin;rgs;gif;jpg;jpeg;jpe</Extensions>
    </Filter>
  </ItemGroup>
  <ItemGroup>
    <ClCompile Include="ArEdgeLs.cpp">
      <Filter>Source Files</Filter>
    </ClCompile>
    <ClCompile Include="ArGraph.cpp">
      <Filter>Source Files</Filter>
    </ClCompile>
    <ClCompile Include="ArHelper.cpp">
      <Filter>Source Files</Filter>
    </ClCompile>
    <ClCompile Include="AutoRouter.cpp">
      <Filter>Source Files</Filter>
    </ClCompile>
    <ClCompile Include="JavaInterface.cpp">
      <Filter>Source Files</Filter>
    </ClCompile>
    <ClCompile Include="StdAfx.cpp">
      <Filter>Source Files</Filter>
    </ClCompile>
  </ItemGroup>
  <ItemGroup>
    <None Include="AutoRouter.def">
      <Filter>Source Files</Filter>
    </None>
    <None Include="res\AutoRouter.rc2">
      <Filter>Resource Files</Filter>
    </None>
  </ItemGroup>
  <ItemGroup>
    <ResourceCompile Include="AutoRouter.rc">
      <Filter>Source Files</Filter>
    </ResourceCompile>
  </ItemGroup>
  <ItemGroup>
    <ClInclude Include="ArEdgeLs.h">
      <Filter>Header Files</Filter>
    </ClInclude>
    <ClInclude Include="ArGraph.h">
      <Filter>Header Files</Filter>
    </ClInclude>
    <ClInclude Include="ArHelper.h">
      <Filter>Header Files</Filter>
    </ClInclude>
    <ClInclude Include="AutoRouter.h">
      <Filter>Header Files</Filter>
    </ClInclude>
    <ClInclude Include="JavaInterface.h">
      <Filter>Header Files</Filter>
    </ClInclude>
    <ClInclude Include="Resource.h">
      <Filter>Header Files</Filter>
    </ClInclude>
    <ClInclude Include="StdAfx.h">
      <Filter>Header Files</Filter>
    </ClInclude>
    <ClInclude Include="targetver.h">
      <Filter>Header Files</Filter>
    </ClInclude>
  </ItemGroup>
</Project>