Microsoft Visual Studio Solution File, Format Version 11.00
# Visual Studio 2010
Project("{8BC9CEB8-8B4A-11D0-8D11-00A0C91BC942}") = "Common", "Common\Common.vcxproj", "{BEF31E1E-BB02-4687-A543-A6AD5D522869}"
EndProject
Project("{8BC9CEB8-8B4A-11D0-8D11-00A0C91BC942}") = "Console", "Console\Console.vcxproj", "{9AA127A4-56E0-4594-8BF9-E1195E9E2097}"
EndProject
Project("{8BC9CEB8-8B4A-11D0-8D11-00A0C91BC942}") = "ConstraintManager", "ConstraintManager\ConstraintManager.vcxproj", "{4620CC8E-AA35-432A-8ABE-41E22840890E}"
EndProject
Project("{8BC9CEB8-8B4A-11D0-8D11-00A0C91BC942}") = "Core", "Core\Core.vcxproj", "{0B16B893-5512-48B8-B764-EE72C522EAD8}"
EndProject
Project("{8BC9CEB8-8B4A-11D0-8D11-00A0C91BC942}") = "GME", "Gme\GME.vcxproj", "{10471163-556B-4BE1-A12E-C917F90F8346}"
EndProject
Project("{8BC9CEB8-8B4A-11D0-8D11-00A0C91BC942}") = "GMEActiveBrowser", "GMEActiveBrowser\GMEActiveBrowser.vcxproj", "{6E19B252-97C9-45F8-B210-AA5D986AA2A7}"
EndProject
Project("{8BC9CEB8-8B4A-11D0-8D11-00A0C91BC942}") = "Interfaces", "Interfaces\Interfaces.vcxproj", "{A9BA4850-C3D5-45DC-98B3-C29EC9FD54EB}"
EndProject
Project("{8BC9CEB8-8B4A-11D0-8D11-00A0C91BC942}") = "Meta", "Meta\Meta.vcxproj", "{3ED3216E-B64C-4D0B-881F-68BFF2CB3E83}"
EndProject
Project("{8BC9CEB8-8B4A-11D0-8D11-00A0C91BC942}") = "Mga", "Mga\Mga.vcxproj", "{86DAEF74-2527-41E5-82CE-52C31C5BBE8E}"
EndProject
Project("{8BC9CEB8-8B4A-11D0-8D11-00A0C91BC942}") = "MgaUtil", "MgaUtil\MgaUtil.vcxproj", "{CA09AB5C-BFAC-4152-AE0B-D5AFC400A5E7}"
EndProject
Project("{8BC9CEB8-8B4A-11D0-8D11-00A0C91BC942}") = "ObjectInspector", "ObjectInspector\ObjectInspector.vcxproj", "{E7BA4AE5-62CD-468C-9CE3-82557810C9E9}"
EndProject
Project("{8BC9CEB8-8B4A-11D0-8D11-00A0C91BC942}") = "Parser", "Parser\Parser.vcxproj", "{73A7151A-1044-417B-ACC8-88C48F0AFDCC}"
EndProject
Project("{8BC9CEB8-8B4A-11D0-8D11-00A0C91BC942}") = "Search", "Search\Search.vcxproj", "{693C0D2E-2469-4DEC-A7C6-DD76346EFD56}"
EndProject
Project("{8BC9CEB8-8B4A-11D0-8D11-00A0C91BC942}") = "XmlBackEnd", "XmlBackEnd\XmlBackEnd.vcxproj", "{1D361B9D-7E8D-4778-A3B2-0F9C3CF0978C}"
EndProject
Project("{8BC9CEB8-8B4A-11D0-8D11-00A0C91BC942}") = "PartBrowser", "PartBrowser\PartBrowser.vcxproj", "{EC447287-A21A-4DE2-822A-55F20A5805D4}"
EndProject
Project("{8BC9CEB8-8B4A-11D0-8D11-00A0C91BC942}") = "PanningView", "PanningView\PanningView.vcxproj", "{53ACCFA8-118E-4C33-B21C-77A418628428}"
EndProject
Project("{FAE04EC0-301F-11D3-BF4B-00C04F79EFBC}") = "MgaDotNetServices", "MgaDotNetServices\MgaDotNetServices.csproj", "{955209A1-8107-43C2-B0A7-729B03908C64}"
EndProject
Project("{FAE04EC0-301F-11D3-BF4B-00C04F79EFBC}") = "CSGUI", "CSGUI\CSGUI.csproj", "{6FC5FB26-36BE-4F8B-AEE9-8FD9914D666C}"
EndProject
Global
	GlobalSection(SolutionConfigurationPlatforms) = preSolution
		Debug|Win32 = Debug|Win32
		Debug|x64 = Debug|x64
		Release_PGO_Instrument|Win32 = Release_PGO_Instrument|Win32
		Release_PGO_Instrument|x64 = Release_PGO_Instrument|x64
		Release_PGO_Optimize|Win32 = Release_PGO_Optimize|Win32
		Release_PGO_Optimize|x64 = Release_PGO_Optimize|x64
		Release|Win32 = Release|Win32
		Release|x64 = Release|x64
	EndGlobalSection
	GlobalSection(ProjectConfigurationPlatforms) = postSolution
		{BEF31E1E-BB02-4687-A543-A6AD5D522869}.Debug|Win32.ActiveCfg = Debug|Win32
		{BEF31E1E-BB02-4687-A543-A6AD5D522869}.Debug|Win32.Build.0 = Debug|Win32
		{BEF31E1E-BB02-4687-A543-A6AD5D522869}.Debug|x64.ActiveCfg = Debug|x64
		{BEF31E1E-BB02-4687-A543-A6AD5D522869}.Debug|x64.Build.0 = Debug|x64
		{BEF31E1E-BB02-4687-A543-A6AD5D522869}.Release_PGO_Instrument|Win32.ActiveCfg = Release|Win32
		{BEF31E1E-BB02-4687-A543-A6AD5D522869}.Release_PGO_Instrument|Win32.Build.0 = Release|Win32
		{BEF31E1E-BB02-4687-A543-A6AD5D522869}.Release_PGO_Instrument|x64.ActiveCfg = Release|x64
		{BEF31E1E-BB02-4687-A543-A6AD5D522869}.Release_PGO_Instrument|x64.Build.0 = Release|x64
		{BEF31E1E-BB02-4687-A543-A6AD5D522869}.Release_PGO_Optimize|Win32.ActiveCfg = Release|Win32
		{BEF31E1E-BB02-4687-A543-A6AD5D522869}.Release_PGO_Optimize|Win32.Build.0 = Release|Win32
		{BEF31E1E-BB02-4687-A543-A6AD5D522869}.Release_PGO_Optimize|x64.ActiveCfg = Release|x64
		{BEF31E1E-BB02-4687-A543-A6AD5D522869}.Release_PGO_Optimize|x64.Build.0 = Release|x64
		{BEF31E1E-BB02-4687-A543-A6AD5D522869}.Release|Win32.ActiveCfg = Release|Win32
		{BEF31E1E-BB02-4687-A543-A6AD5D522869}.Release|Win32.Build.0 = Release|Win32
		{BEF31E1E-BB02-4687-A543-A6AD5D522869}.Release|x64.ActiveCfg = Release|x64
		{BEF31E1E-BB02-4687-A543-A6AD5D522869}.Release|x64.Build.0 = Release|x64
		{9AA127A4-56E0-4594-8BF9-E1195E9E2097}.Debug|Win32.ActiveCfg = Debug|Win32
		{9AA127A4-56E0-4594-8BF9-E1195E9E2097}.Debug|Win32.Build.0 = Debug|Win32
		{9AA127A4-56E0-4594-8BF9-E1195E9E2097}.Debug|x64.ActiveCfg = Debug|x64
		{9AA127A4-56E0-4594-8BF9-E1195E9E2097}.Debug|x64.Build.0 = Debug|x64
		{9AA127A4-56E0-4594-8BF9-E1195E9E2097}.Release_PGO_Instrument|Win32.ActiveCfg = Release|Win32
		{9AA127A4-56E0-4594-8BF9-E1195E9E2097}.Release_PGO_Instrument|Win32.Build.0 = Release|Win32
		{9AA127A4-56E0-4594-8BF9-E1195E9E2097}.Release_PGO_Instrument|x64.ActiveCfg = Release|x64
		{9AA127A4-56E0-4594-8BF9-E1195E9E2097}.Release_PGO_Instrument|x64.Build.0 = Release|x64
		{9AA127A4-56E0-4594-8BF9-E1195E9E2097}.Release_PGO_Optimize|Win32.ActiveCfg = Release|Win32
		{9AA127A4-56E0-4594-8BF9-E1195E9E2097}.Release_PGO_Optimize|Win32.Build.0 = Release|Win32
		{9AA127A4-56E0-4594-8BF9-E1195E9E2097}.Release_PGO_Optimize|x64.ActiveCfg = Release|x64
		{9AA127A4-56E0-4594-8BF9-E1195E9E2097}.Release_PGO_Optimize|x64.Build.0 = Release|x64
		{9AA127A4-56E0-4594-8BF9-E1195E9E2097}.Release|Win32.ActiveCfg = Release|Win32
		{9AA127A4-56E0-4594-8BF9-E1195E9E2097}.Release|Win32.Build.0 = Release|Win32
		{9AA127A4-56E0-4594-8BF9-E1195E9E2097}.Release|x64.ActiveCfg = Release|x64
		{9AA127A4-56E0-4594-8BF9-E1195E9E2097}.Release|x64.Build.0 = Release|x64
		{4620CC8E-AA35-432A-8ABE-41E22840890E}.Debug|Win32.ActiveCfg = Debug|Win32
		{4620CC8E-AA35-432A-8ABE-41E22840890E}.Debug|Win32.Build.0 = Debug|Win32
		{4620CC8E-AA35-432A-8ABE-41E22840890E}.Debug|x64.ActiveCfg = Debug|x64
		{4620CC8E-AA35-432A-8ABE-41E22840890E}.Debug|x64.Build.0 = Debug|x64
		{4620CC8E-AA35-432A-8ABE-41E22840890E}.Release_PGO_Instrument|Win32.ActiveCfg = Release|Win32
		{4620CC8E-AA35-432A-8ABE-41E22840890E}.Release_PGO_Instrument|Win32.Build.0 = Release|Win32
		{4620CC8E-AA35-432A-8ABE-41E22840890E}.Release_PGO_Instrument|x64.ActiveCfg = Release|x64
		{4620CC8E-AA35-432A-8ABE-41E22840890E}.Release_PGO_Instrument|x64.Build.0 = Release|x64
		{4620CC8E-AA35-432A-8ABE-41E22840890E}.Release_PGO_Optimize|Win32.ActiveCfg = Release|Win32
		{4620CC8E-AA35-432A-8ABE-41E22840890E}.Release_PGO_Optimize|Win32.Build.0 = Release|Win32
		{4620CC8E-AA35-432A-8ABE-41E22840890E}.Release_PGO_Optimize|x64.ActiveCfg = Release|x64
		{4620CC8E-AA35-432A-8ABE-41E22840890E}.Release_PGO_Optimize|x64.Build.0 = Release|x64
		{4620CC8E-AA35-432A-8ABE-41E22840890E}.Release|Win32.ActiveCfg = Release|Win32
		{4620CC8E-AA35-432A-8ABE-41E22840890E}.Release|Win32.Build.0 = Release|Win32
		{4620CC8E-AA35-432A-8ABE-41E22840890E}.Release|x64.ActiveCfg = Release|x64
		{4620CC8E-AA35-432A-8ABE-41E22840890E}.Release|x64.Build.0 = Release|x64
		{0B16B893-5512-48B8-B764-EE72C522EAD8}.Debug|Win32.ActiveCfg = Debug|Win32
		{0B16B893-5512-48B8-B764-EE72C522EAD8}.Debug|Win32.Build.0 = Debug|Win32
		{0B16B893-5512-48B8-B764-EE72C522EAD8}.Debug|x64.ActiveCfg = Debug|x64
		{0B16B893-5512-48B8-B764-EE72C522EAD8}.Debug|x64.Build.0 = Debug|x64
		{0B16B893-5512-48B8-B764-EE72C522EAD8}.Release_PGO_Instrument|Win32.ActiveCfg = Release_PGO_Instrument|Win32
		{0B16B893-5512-48B8-B764-EE72C522EAD8}.Release_PGO_Instrument|Win32.Build.0 = Release_PGO_Instrument|Win32
		{0B16B893-5512-48B8-B764-EE72C522EAD8}.Release_PGO_Instrument|x64.ActiveCfg = Release_PGO_Instrument|x64
		{0B16B893-5512-48B8-B764-EE72C522EAD8}.Release_PGO_Instrument|x64.Build.0 = Release_PGO_Instrument|x64
		{0B16B893-5512-48B8-B764-EE72C522EAD8}.Release_PGO_Optimize|Win32.ActiveCfg = Release_PGO_Optimize|Win32
		{0B16B893-5512-48B8-B764-EE72C522EAD8}.Release_PGO_Optimize|Win32.Build.0 = Release_PGO_Optimize|Win32
		{0B16B893-5512-48B8-B764-EE72C522EAD8}.Release_PGO_Optimize|x64.ActiveCfg = Release_PGO_Optimize|x64
		{0B16B893-5512-48B8-B764-EE72C522EAD8}.Release_PGO_Optimize|x64.Build.0 = Release_PGO_Optimize|x64
		{0B16B893-5512-48B8-B764-EE72C522EAD8}.Release|Win32.ActiveCfg = Release|Win32
		{0B16B893-5512-48B8-B764-EE72C522EAD8}.Release|Win32.Build.0 = Release|Win32
		{0B16B893-5512-48B8-B764-EE72C522EAD8}.Release|x64.ActiveCfg = Release|x64
		{0B16B893-5512-48B8-B764-EE72C522EAD8}.Release|x64.Build.0 = Release|x64
		{10471163-556B-4BE1-A12E-C917F90F8346}.Debug|Win32.ActiveCfg = Debug|Win32
		{10471163-556B-4BE1-A12E-C917F90F8346}.Debug|Win32.Build.0 = Debug|Win32
		{10471163-556B-4BE1-A12E-C917F90F8346}.Debug|x64.ActiveCfg = Debug|x64
		{10471163-556B-4BE1-A12E-C917F90F8346}.Debug|x64.Build.0 = Debug|x64
		{10471163-556B-4BE1-A12E-C917F90F8346}.Release_PGO_Instrument|Win32.ActiveCfg = Release|Win32
		{10471163-556B-4BE1-A12E-C917F90F8346}.Release_PGO_Instrument|Win32.Build.0 = Release|Win32
		{10471163-556B-4BE1-A12E-C917F90F8346}.Release_PGO_Instrument|x64.ActiveCfg = Release|x64
		{10471163-556B-4BE1-A12E-C917F90F8346}.Release_PGO_Instrument|x64.Build.0 = Release|x64
		{10471163-556B-4BE1-A12E-C917F90F8346}.Release_PGO_Optimize|Win32.ActiveCfg = Release|Win32
		{10471163-556B-4BE1-A12E-C917F90F8346}.Release_PGO_Optimize|Win32.Build.0 = Release|Win32
		{10471163-556B-4BE1-A12E-C917F90F8346}.Release_PGO_Optimize|x64.ActiveCfg = Release|x64
		{10471163-556B-4BE1-A12E-C917F90F8346}.Release_PGO_Optimize|x64.Build.0 = Release|x64
		{10471163-556B-4BE1-A12E-C917F90F8346}.Release|Win32.ActiveCfg = Release|Win32
		{10471163-556B-4BE1-A12E-C917F90F8346}.Release|Win32.Build.0 = Release|Win32
		{10471163-556B-4BE1-A12E-C917F90F8346}.Release|x64.ActiveCfg = Release|x64
		{10471163-556B-4BE1-A12E-C917F90F8346}.Release|x64.Build.0 = Release|x64
		{6E19B252-97C9-45F8-B210-AA5D986AA2A7}.Debug|Win32.ActiveCfg = Debug|Win32
		{6E19B252-97C9-45F8-B210-AA5D986AA2A7}.Debug|Win32.Build.0 = Debug|Win32
		{6E19B252-97C9-45F8-B210-AA5D986AA2A7}.Debug|x64.ActiveCfg = Debug|x64
		{6E19B252-97C9-45F8-B210-AA5D986AA2A7}.Debug|x64.Build.0 = Debug|x64
		{6E19B252-97C9-45F8-B210-AA5D986AA2A7}.Release_PGO_Instrument|Win32.ActiveCfg = Release|Win32
		{6E19B252-97C9-45F8-B210-AA5D986AA2A7}.Release_PGO_Instrument|Win32.Build.0 = Release|Win32
		{6E19B252-97C9-45F8-B210-AA5D986AA2A7}.Release_PGO_Instrument|x64.ActiveCfg = Release|x64
		{6E19B252-97C9-45F8-B210-AA5D986AA2A7}.Release_PGO_Instrument|x64.Build.0 = Release|x64
		{6E19B252-97C9-45F8-B210-AA5D986AA2A7}.Release_PGO_Optimize|Win32.ActiveCfg = Release|Win32
		{6E19B252-97C9-45F8-B210-AA5D986AA2A7}.Release_PGO_Optimize|Win32.Build.0 = Release|Win32
		{6E19B252-97C9-45F8-B210-AA5D986AA2A7}.Release_PGO_Optimize|x64.ActiveCfg = Release|x64
		{6E19B252-97C9-45F8-B210-AA5D986AA2A7}.Release_PGO_Optimize|x64.Build.0 = Release|x64
		{6E19B252-97C9-45F8-B210-AA5D986AA2A7}.Release|Win32.ActiveCfg = Release|Win32
		{6E19B252-97C9-45F8-B210-AA5D986AA2A7}.Release|Win32.Build.0 = Release|Win32
		{6E19B252-97C9-45F8-B210-AA5D986AA2A7}.Release|x64.ActiveCfg = Release|x64
		{6E19B252-97C9-45F8-B210-AA5D986AA2A7}.Release|x64.Build.0 = Release|x64
		{A9BA4850-C3D5-45DC-98B3-C29EC9FD54EB}.Debug|Win32.ActiveCfg = Debug|Win32
		{A9BA4850-C3D5-45DC-98B3-C29EC9FD54EB}.Debug|Win32.Build.0 = Debug|Win32
		{A9BA4850-C3D5-45DC-98B3-C29EC9FD54EB}.Debug|x64.ActiveCfg = Debug|Win32
		{A9BA4850-C3D5-45DC-98B3-C29EC9FD54EB}.Debug|x64.Build.0 = Debug|Win32
		{A9BA4850-C3D5-45DC-98B3-C29EC9FD54EB}.Release_PGO_Instrument|Win32.ActiveCfg = Release|Win32
		{A9BA4850-C3D5-45DC-98B3-C29EC9FD54EB}.Release_PGO_Instrument|Win32.Build.0 = Release|Win32
		{A9BA4850-C3D5-45DC-98B3-C29EC9FD54EB}.Release_PGO_Instrument|x64.ActiveCfg = Release|Win32
		{A9BA4850-C3D5-45DC-98B3-C29EC9FD54EB}.Release_PGO_Optimize|Win32.ActiveCfg = Release|Win32
		{A9BA4850-C3D5-45DC-98B3-C29EC9FD54EB}.Release_PGO_Optimize|Win32.Build.0 = Release|Win32
		{A9BA4850-C3D5-45DC-98B3-C29EC9FD54EB}.Release_PGO_Optimize|x64.ActiveCfg = Release|Win32
		{A9BA4850-C3D5-45DC-98B3-C29EC9FD54EB}.Release|Win32.ActiveCfg = Release|Win32
		{A9BA4850-C3D5-45DC-98B3-C29EC9FD54EB}.Release|Win32.Build.0 = Release|Win32
		{A9BA4850-C3D5-45DC-98B3-C29EC9FD54EB}.Release|x64.ActiveCfg = Release|Win32
		{A9BA4850-C3D5-45DC-98B3-C29EC9FD54EB}.Release|x64.Build.0 = Release|Win32
		{3ED3216E-B64C-4D0B-881F-68BFF2CB3E83}.Debug|Win32.ActiveCfg = Debug|Win32
		{3ED3216E-B64C-4D0B-881F-68BFF2CB3E83}.Debug|Win32.Build.0 = Debug|Win32
		{3ED3216E-B64C-4D0B-881F-68BFF2CB3E83}.Debug|x64.ActiveCfg = Debug|x64
		{3ED3216E-B64C-4D0B-881F-68BFF2CB3E83}.Debug|x64.Build.0 = Debug|x64
		{3ED3216E-B64C-4D0B-881F-68BFF2CB3E83}.Release_PGO_Instrument|Win32.ActiveCfg = Release_PGO_Instrument|Win32
		{3ED3216E-B64C-4D0B-881F-68BFF2CB3E83}.Release_PGO_Instrument|Win32.Build.0 = Release_PGO_Instrument|Win32
		{3ED3216E-B64C-4D0B-881F-68BFF2CB3E83}.Release_PGO_Instrument|x64.ActiveCfg = Release_PGO_Instrument|x64
		{3ED3216E-B64C-4D0B-881F-68BFF2CB3E83}.Release_PGO_Instrument|x64.Build.0 = Release_PGO_Instrument|x64
		{3ED3216E-B64C-4D0B-881F-68BFF2CB3E83}.Release_PGO_Optimize|Win32.ActiveCfg = Release_PGO_Optimize|Win32
		{3ED3216E-B64C-4D0B-881F-68BFF2CB3E83}.Release_PGO_Optimize|Win32.Build.0 = Release_PGO_Optimize|Win32
		{3ED3216E-B64C-4D0B-881F-68BFF2CB3E83}.Release_PGO_Optimize|x64.ActiveCfg = Release_PGO_Optimize|x64
		{3ED3216E-B64C-4D0B-881F-68BFF2CB3E83}.Release_PGO_Optimize|x64.Build.0 = Release_PGO_Optimize|x64
		{3ED3216E-B64C-4D0B-881F-68BFF2CB3E83}.Release|Win32.ActiveCfg = Release|Win32
		{3ED3216E-B64C-4D0B-881F-68BFF2CB3E83}.Release|Win32.Build.0 = Release|Win32
		{3ED3216E-B64C-4D0B-881F-68BFF2CB3E83}.Release|x64.ActiveCfg = Release|x64
		{3ED3216E-B64C-4D0B-881F-68BFF2CB3E83}.Release|x64.Build.0 = Release|x64
		{86DAEF74-2527-41E5-82CE-52C31C5BBE8E}.Debug|Win32.ActiveCfg = Debug|Win32
		{86DAEF74-2527-41E5-82CE-52C31C5BBE8E}.Debug|Win32.Build.0 = Debug|Win32
		{86DAEF74-2527-41E5-82CE-52C31C5BBE8E}.Debug|x64.ActiveCfg = Debug|x64
		{86DAEF74-2527-41E5-82CE-52C31C5BBE8E}.Debug|x64.Build.0 = Debug|x64
		{86DAEF74-2527-41E5-82CE-52C31C5BBE8E}.Release_PGO_Instrument|Win32.ActiveCfg = Release_PGO_Instrument|Win32
		{86DAEF74-2527-41E5-82CE-52C31C5BBE8E}.Release_PGO_Instrument|Win32.Build.0 = Release_PGO_Instrument|Win32
		{86DAEF74-2527-41E5-82CE-52C31C5BBE8E}.Release_PGO_Instrument|x64.ActiveCfg = Release_PGO_Instrument|x64
		{86DAEF74-2527-41E5-82CE-52C31C5BBE8E}.Release_PGO_Instrument|x64.Build.0 = Release_PGO_Instrument|x64
		{86DAEF74-2527-41E5-82CE-52C31C5BBE8E}.Release_PGO_Optimize|Win32.ActiveCfg = Release_PGO_Optimize|Win32
		{86DAEF74-2527-41E5-82CE-52C31C5BBE8E}.Release_PGO_Optimize|Win32.Build.0 = Release_PGO_Optimize|Win32
		{86DAEF74-2527-41E5-82CE-52C31C5BBE8E}.Release_PGO_Optimize|x64.ActiveCfg = Release_PGO_Optimize|x64
		{86DAEF74-2527-41E5-82CE-52C31C5BBE8E}.Release_PGO_Optimize|x64.Build.0 = Release_PGO_Optimize|x64
		{86DAEF74-2527-41E5-82CE-52C31C5BBE8E}.Release|Win32.ActiveCfg = Release|Win32
		{86DAEF74-2527-41E5-82CE-52C31C5BBE8E}.Release|Win32.Build.0 = Release|Win32
		{86DAEF74-2527-41E5-82CE-52C31C5BBE8E}.Release|x64.ActiveCfg = Release|x64
		{86DAEF74-2527-41E5-82CE-52C31C5BBE8E}.Release|x64.Build.0 = Release|x64
		{CA09AB5C-BFAC-4152-AE0B-D5AFC400A5E7}.Debug|Win32.ActiveCfg = Debug|Win32
		{CA09AB5C-BFAC-4152-AE0B-D5AFC400A5E7}.Debug|Win32.Build.0 = Debug|Win32
		{CA09AB5C-BFAC-4152-AE0B-D5AFC400A5E7}.Debug|x64.ActiveCfg = Debug|x64
		{CA09AB5C-BFAC-4152-AE0B-D5AFC400A5E7}.Debug|x64.Build.0 = Debug|x64
		{CA09AB5C-BFAC-4152-AE0B-D5AFC400A5E7}.Release_PGO_Instrument|Win32.ActiveCfg = Release|Win32
		{CA09AB5C-BFAC-4152-AE0B-D5AFC400A5E7}.Release_PGO_Instrument|Win32.Build.0 = Release|Win32
		{CA09AB5C-BFAC-4152-AE0B-D5AFC400A5E7}.Release_PGO_Instrument|x64.ActiveCfg = Release|x64
		{CA09AB5C-BFAC-4152-AE0B-D5AFC400A5E7}.Release_PGO_Instrument|x64.Build.0 = Release|x64
		{CA09AB5C-BFAC-4152-AE0B-D5AFC400A5E7}.Release_PGO_Optimize|Win32.ActiveCfg = Release|Win32
		{CA09AB5C-BFAC-4152-AE0B-D5AFC400A5E7}.Release_PGO_Optimize|Win32.Build.0 = Release|Win32
		{CA09AB5C-BFAC-4152-AE0B-D5AFC400A5E7}.Release_PGO_Optimize|x64.ActiveCfg = Release|x64
		{CA09AB5C-BFAC-4152-AE0B-D5AFC400A5E7}.Release_PGO_Optimize|x64.Build.0 = Release|x64
		{CA09AB5C-BFAC-4152-AE0B-D5AFC400A5E7}.Release|Win32.ActiveCfg = Release|Win32
		{CA09AB5C-BFAC-4152-AE0B-D5AFC400A5E7}.Release|Win32.Build.0 = Release|Win32
		{CA09AB5C-BFAC-4152-AE0B-D5AFC400A5E7}.Release|x64.ActiveCfg = Release|x64
		{CA09AB5C-BFAC-4152-AE0B-D5AFC400A5E7}.Release|x64.Build.0 = Release|x64
		{E7BA4AE5-62CD-468C-9CE3-82557810C9E9}.Debug|Win32.ActiveCfg = Debug|Win32
		{E7BA4AE5-62CD-468C-9CE3-82557810C9E9}.Debug|Win32.Build.0 = Debug|Win32
		{E7BA4AE5-62CD-468C-9CE3-82557810C9E9}.Debug|x64.ActiveCfg = Debug|x64
		{E7BA4AE5-62CD-468C-9CE3-82557810C9E9}.Debug|x64.Build.0 = Debug|x64
		{E7BA4AE5-62CD-468C-9CE3-82557810C9E9}.Release_PGO_Instrument|Win32.ActiveCfg = Release|Win32
		{E7BA4AE5-62CD-468C-9CE3-82557810C9E9}.Release_PGO_Instrument|Win32.Build.0 = Release|Win32
		{E7BA4AE5-62CD-468C-9CE3-82557810C9E9}.Release_PGO_Instrument|x64.ActiveCfg = Release|x64
		{E7BA4AE5-62CD-468C-9CE3-82557810C9E9}.Release_PGO_Instrument|x64.Build.0 = Release|x64
		{E7BA4AE5-62CD-468C-9CE3-82557810C9E9}.Release_PGO_Optimize|Win32.ActiveCfg = Release|Win32
		{E7BA4AE5-62CD-468C-9CE3-82557810C9E9}.Release_PGO_Optimize|Win32.Build.0 = Release|Win32
		{E7BA4AE5-62CD-468C-9CE3-82557810C9E9}.Release_PGO_Optimize|x64.ActiveCfg = Release|x64
		{E7BA4AE5-62CD-468C-9CE3-82557810C9E9}.Release_PGO_Optimize|x64.Build.0 = Release|x64
		{E7BA4AE5-62CD-468C-9CE3-82557810C9E9}.Release|Win32.ActiveCfg = Release|Win32
		{E7BA4AE5-62CD-468C-9CE3-82557810C9E9}.Release|Win32.Build.0 = Release|Win32
		{E7BA4AE5-62CD-468C-9CE3-82557810C9E9}.Release|x64.ActiveCfg = Release|x64
		{E7BA4AE5-62CD-468C-9CE3-82557810C9E9}.Release|x64.Build.0 = Release|x64
		{73A7151A-1044-417B-ACC8-88C48F0AFDCC}.Debug|Win32.ActiveCfg = Debug|Win32
		{73A7151A-1044-417B-ACC8-88C48F0AFDCC}.Debug|Win32.Build.0 = Debug|Win32
		{73A7151A-1044-417B-ACC8-88C48F0AFDCC}.Debug|x64.ActiveCfg = Debug|x64
		{73A7151A-1044-417B-ACC8-88C48F0AFDCC}.Debug|x64.Build.0 = Debug|x64
		{73A7151A-1044-417B-ACC8-88C48F0AFDCC}.Release_PGO_Instrument|Win32.ActiveCfg = Release|Win32
		{73A7151A-1044-417B-ACC8-88C48F0AFDCC}.Release_PGO_Instrument|Win32.Build.0 = Release|Win32
		{73A7151A-1044-417B-ACC8-88C48F0AFDCC}.Release_PGO_Instrument|x64.ActiveCfg = Release|x64
		{73A7151A-1044-417B-ACC8-88C48F0AFDCC}.Release_PGO_Instrument|x64.Build.0 = Release|x64
		{73A7151A-1044-417B-ACC8-88C48F0AFDCC}.Release_PGO_Optimize|Win32.ActiveCfg = Release|Win32
		{73A7151A-1044-417B-ACC8-88C48F0AFDCC}.Release_PGO_Optimize|Win32.Build.0 = Release|Win32
		{73A7151A-1044-417B-ACC8-88C48F0AFDCC}.Release_PGO_Optimize|x64.ActiveCfg = Release|x64
		{73A7151A-1044-417B-ACC8-88C48F0AFDCC}.Release_PGO_Optimize|x64.Build.0 = Release|x64
		{73A7151A-1044-417B-ACC8-88C48F0AFDCC}.Release|Win32.ActiveCfg = Release|Win32
		{73A7151A-1044-417B-ACC8-88C48F0AFDCC}.Release|Win32.Build.0 = Release|Win32
		{73A7151A-1044-417B-ACC8-88C48F0AFDCC}.Release|x64.ActiveCfg = Release|x64
		{73A7151A-1044-417B-ACC8-88C48F0AFDCC}.Release|x64.Build.0 = Release|x64
		{693C0D2E-2469-4DEC-A7C6-DD76346EFD56}.Debug|Win32.ActiveCfg = Debug|Win32
		{693C0D2E-2469-4DEC-A7C6-DD76346EFD56}.Debug|Win32.Build.0 = Debug|Win32
		{693C0D2E-2469-4DEC-A7C6-DD76346EFD56}.Debug|x64.ActiveCfg = Debug|x64
		{693C0D2E-2469-4DEC-A7C6-DD76346EFD56}.Debug|x64.Build.0 = Debug|x64
		{693C0D2E-2469-4DEC-A7C6-DD76346EFD56}.Release_PGO_Instrument|Win32.ActiveCfg = Release|Win32
		{693C0D2E-2469-4DEC-A7C6-DD76346EFD56}.Release_PGO_Instrument|Win32.Build.0 = Release|Win32
		{693C0D2E-2469-4DEC-A7C6-DD76346EFD56}.Release_PGO_Instrument|x64.ActiveCfg = Release|x64
		{693C0D2E-2469-4DEC-A7C6-DD76346EFD56}.Release_PGO_Instrument|x64.Build.0 = Release|x64
		{693C0D2E-2469-4DEC-A7C6-DD76346EFD56}.Release_PGO_Optimize|Win32.ActiveCfg = Release|Win32
		{693C0D2E-2469-4DEC-A7C6-DD76346EFD56}.Release_PGO_Optimize|Win32.Build.0 = Release|Win32
		{693C0D2E-2469-4DEC-A7C6-DD76346EFD56}.Release_PGO_Optimize|x64.ActiveCfg = Release|x64
		{693C0D2E-2469-4DEC-A7C6-DD76346EFD56}.Release_PGO_Optimize|x64.Build.0 = Release|x64
		{693C0D2E-2469-4DEC-A7C6-DD76346EFD56}.Release|Win32.ActiveCfg = Release|Win32
		{693C0D2E-2469-4DEC-A7C6-DD76346EFD56}.Release|Win32.Build.0 = Release|Win32
		{693C0D2E-2469-4DEC-A7C6-DD76346EFD56}.Release|x64.ActiveCfg = Release|x64
		{693C0D2E-2469-4DEC-A7C6-DD76346EFD56}.Release|x64.Build.0 = Release|x64
		{1D361B9D-7E8D-4778-A3B2-0F9C3CF0978C}.Debug|Win32.ActiveCfg = Debug|Win32
		{1D361B9D-7E8D-4778-A3B2-0F9C3CF0978C}.Debug|Win32.Build.0 = Debug|Win32
		{1D361B9D-7E8D-4778-A3B2-0F9C3CF0978C}.Debug|x64.ActiveCfg = Debug|x64
		{1D361B9D-7E8D-4778-A3B2-0F9C3CF0978C}.Release_PGO_Instrument|Win32.ActiveCfg = Release|Win32
		{1D361B9D-7E8D-4778-A3B2-0F9C3CF0978C}.Release_PGO_Instrument|Win32.Build.0 = Release|Win32
		{1D361B9D-7E8D-4778-A3B2-0F9C3CF0978C}.Release_PGO_Instrument|x64.ActiveCfg = Release|x64
		{1D361B9D-7E8D-4778-A3B2-0F9C3CF0978C}.Release_PGO_Optimize|Win32.ActiveCfg = Release|Win32
		{1D361B9D-7E8D-4778-A3B2-0F9C3CF0978C}.Release_PGO_Optimize|Win32.Build.0 = Release|Win32
		{1D361B9D-7E8D-4778-A3B2-0F9C3CF0978C}.Release_PGO_Optimize|x64.ActiveCfg = Release|x64
		{1D361B9D-7E8D-4778-A3B2-0F9C3CF0978C}.Release|Win32.ActiveCfg = Release|Win32
		{1D361B9D-7E8D-4778-A3B2-0F9C3CF0978C}.Release|Win32.Build.0 = Release|Win32
		{1D361B9D-7E8D-4778-A3B2-0F9C3CF0978C}.Release|x64.ActiveCfg = Release|x64
		{EC447287-A21A-4DE2-822A-55F20A5805D4}.Debug|Win32.ActiveCfg = Debug|Win32
		{EC447287-A21A-4DE2-822A-55F20A5805D4}.Debug|Win32.Build.0 = Debug|Win32
		{EC447287-A21A-4DE2-822A-55F20A5805D4}.Debug|x64.ActiveCfg = Debug|x64
		{EC447287-A21A-4DE2-822A-55F20A5805D4}.Debug|x64.Build.0 = Debug|x64
		{EC447287-A21A-4DE2-822A-55F20A5805D4}.Release_PGO_Instrument|Win32.ActiveCfg = Release|Win32
		{EC447287-A21A-4DE2-822A-55F20A5805D4}.Release_PGO_Instrument|Win32.Build.0 = Release|Win32
		{EC447287-A21A-4DE2-822A-55F20A5805D4}.Release_PGO_Instrument|x64.ActiveCfg = Release|x64
		{EC447287-A21A-4DE2-822A-55F20A5805D4}.Release_PGO_Instrument|x64.Build.0 = Release|x64
		{EC447287-A21A-4DE2-822A-55F20A5805D4}.Release_PGO_Optimize|Win32.ActiveCfg = Release|Win32
		{EC447287-A21A-4DE2-822A-55F20A5805D4}.Release_PGO_Optimize|Win32.Build.0 = Release|Win32
		{EC447287-A21A-4DE2-822A-55F20A5805D4}.Release_PGO_Optimize|x64.ActiveCfg = Release|x64
		{EC447287-A21A-4DE2-822A-55F20A5805D4}.Release_PGO_Optimize|x64.Build.0 = Release|x64
		{EC447287-A21A-4DE2-822A-55F20A5805D4}.Release|Win32.ActiveCfg = Release|Win32
		{EC447287-A21A-4DE2-822A-55F20A5805D4}.Release|Win32.Build.0 = Release|Win32
		{EC447287-A21A-4DE2-822A-55F20A5805D4}.Release|x64.ActiveCfg = Release|x64
		{EC447287-A21A-4DE2-822A-55F20A5805D4}.Release|x64.Build.0 = Release|x64
		{53ACCFA8-118E-4C33-B21C-77A418628428}.Debug|Win32.ActiveCfg = Debug|Win32
		{53ACCFA8-118E-4C33-B21C-77A418628428}.Debug|Win32.Build.0 = Debug|Win32
		{53ACCFA8-118E-4C33-B21C-77A418628428}.Debug|x64.ActiveCfg = Debug|x64
		{53ACCFA8-118E-4C33-B21C-77A418628428}.Debug|x64.Build.0 = Debug|x64
		{53ACCFA8-118E-4C33-B21C-77A418628428}.Release_PGO_Instrument|Win32.ActiveCfg = Release|Win32
		{53ACCFA8-118E-4C33-B21C-77A418628428}.Release_PGO_Instrument|Win32.Build.0 = Release|Win32
		{53ACCFA8-118E-4C33-B21C-77A418628428}.Release_PGO_Instrument|x64.ActiveCfg = Release|x64
		{53ACCFA8-118E-4C33-B21C-77A418628428}.Release_PGO_Instrument|x64.Build.0 = Release|x64
		{53ACCFA8-118E-4C33-B21C-77A418628428}.Release_PGO_Optimize|Win32.ActiveCfg = Release|Win32
		{53ACCFA8-118E-4C33-B21C-77A418628428}.Release_PGO_Optimize|Win32.Build.0 = Release|Win32
		{53ACCFA8-118E-4C33-B21C-77A418628428}.Release_PGO_Optimize|x64.ActiveCfg = Release|x64
		{53ACCFA8-118E-4C33-B21C-77A418628428}.Release_PGO_Optimize|x64.Build.0 = Release|x64
		{53ACCFA8-118E-4C33-B21C-77A418628428}.Release|Win32.ActiveCfg = Release|Win32
		{53ACCFA8-118E-4C33-B21C-77A418628428}.Release|Win32.Build.0 = Release|Win32
		{53ACCFA8-118E-4C33-B21C-77A418628428}.Release|x64.ActiveCfg = Release|x64
		{53ACCFA8-118E-4C33-B21C-77A418628428}.Release|x64.Build.0 = Release|x64
		{955209A1-8107-43C2-B0A7-729B03908C64}.Debug|Win32.ActiveCfg = Debug|Any CPU
		{955209A1-8107-43C2-B0A7-729B03908C64}.Debug|Win32.Build.0 = Debug|Any CPU
		{955209A1-8107-43C2-B0A7-729B03908C64}.Debug|x64.ActiveCfg = Debug|Any CPU
		{955209A1-8107-43C2-B0A7-729B03908C64}.Debug|x64.Build.0 = Debug|Any CPU
		{955209A1-8107-43C2-B0A7-729B03908C64}.Release_PGO_Instrument|Win32.ActiveCfg = Release|Any CPU
		{955209A1-8107-43C2-B0A7-729B03908C64}.Release_PGO_Instrument|Win32.Build.0 = Release|Any CPU
		{955209A1-8107-43C2-B0A7-729B03908C64}.Release_PGO_Instrument|x64.ActiveCfg = Release|x64
		{955209A1-8107-43C2-B0A7-729B03908C64}.Release_PGO_Optimize|Win32.ActiveCfg = Release|Any CPU
		{955209A1-8107-43C2-B0A7-729B03908C64}.Release_PGO_Optimize|x64.ActiveCfg = Release|x64
		{955209A1-8107-43C2-B0A7-729B03908C64}.Release|Win32.ActiveCfg = Release|Any CPU
		{955209A1-8107-43C2-B0A7-729B03908C64}.Release|Win32.Build.0 = Release|Any CPU
		{955209A1-8107-43C2-B0A7-729B03908C64}.Release|x64.ActiveCfg = Release|Any CPU
		{955209A1-8107-43C2-B0A7-729B03908C64}.Release|x64.Build.0 = Release|Any CPU
		{6FC5FB26-36BE-4F8B-AEE9-8FD9914D666C}.Debug|Win32.ActiveCfg = Debug|Any CPU
		{6FC5FB26-36BE-4F8B-AEE9-8FD9914D666C}.Debug|Win32.Build.0 = Debug|Any CPU
		{6FC5FB26-36BE-4F8B-AEE9-8FD9914D666C}.Debug|x64.ActiveCfg = Debug|Any CPU
		{6FC5FB26-36BE-4F8B-AEE9-8FD9914D666C}.Debug|x64.Build.0 = Debug|Any CPU
		{6FC5FB26-36BE-4F8B-AEE9-8FD9914D666C}.Release_PGO_Instrument|Win32.ActiveCfg = Release|Any CPU
		{6FC5FB26-36BE-4F8B-AEE9-8FD9914D666C}.Release_PGO_Instrument|x64.ActiveCfg = Release|Any CPU
		{6FC5FB26-36BE-4F8B-AEE9-8FD9914D666C}.Release_PGO_Optimize|Win32.ActiveCfg = Release|Any CPU
		{6FC5FB26-36BE-4F8B-AEE9-8FD9914D666C}.Release_PGO_Optimize|x64.ActiveCfg = Release|Any CPU
		{6FC5FB26-36BE-4F8B-AEE9-8FD9914D666C}.Release|Win32.ActiveCfg = Release|Any CPU
		{6FC5FB26-36BE-4F8B-AEE9-8FD9914D666C}.Release|Win32.Build.0 = Release|Any CPU
		{6FC5FB26-36BE-4F8B-AEE9-8FD9914D666C}.Release|x64.ActiveCfg = Release|Any CPU
		{6FC5FB26-36BE-4F8B-AEE9-8FD9914D666C}.Release|x64.Build.0 = Release|Any CPU
	EndGlobalSection
	GlobalSection(SolutionProperties) = preSolution
		HideSolutionNode = FALSE
	EndGlobalSection
EndGlobal
