Microsoft Visual Studio Solution File, Format Version 11.00
# Visual Studio 2010
Project("{8BC9CEB8-8B4A-11D0-8D11-00A0C91BC942}") = "Annotator", "Annotator\Annotator.vcxproj", "{835438ED-280C-4863-9C03-A62F3D504005}"
EndProject
Project("{8BC9CEB8-8B4A-11D0-8D11-00A0C91BC942}") = "MgaDecorators", "MgaDecorators\MgaDecorators.vcxproj", "{66D5FEC3-17C7-4B20-9A3A-07A1B585314F}"
EndProject
Project("{8BC9CEB8-8B4A-11D0-8D11-00A0C91BC942}") = "DecoratorLib", "..\SDK\DecoratorLib\DecoratorLib.vcxproj", "{77FEBD41-CD6C-4D55-B561-3957F7151CC2}"
EndProject
Global
	GlobalSection(SolutionConfigurationPlatforms) = preSolution
		Debug|Win32 = Debug|Win32
		Debug|x64 = Debug|x64
		Release|Win32 = Release|Win32
		Release|x64 = Release|x64
	EndGlobalSection
	GlobalSection(ProjectConfigurationPlatforms) = postSolution
		{835438ED-280C-4863-9C03-A62F3D504005}.Debug|Win32.ActiveCfg = Debug|Win32
		{835438ED-280C-4863-9C03-A62F3D504005}.Debug|Win32.Build.0 = Debug|Win32
		{835438ED-280C-4863-9C03-A62F3D504005}.Debug|x64.ActiveCfg = Debug|x64
		{835438ED-280C-4863-9C03-A62F3D504005}.Debug|x64.Build.0 = Debug|x64
		{835438ED-280C-4863-9C03-A62F3D504005}.Release|Win32.ActiveCfg = Release|Win32
		{835438ED-280C-4863-9C03-A62F3D504005}.Release|Win32.Build.0 = Release|Win32
		{835438ED-280C-4863-9C03-A62F3D504005}.Release|x64.ActiveCfg = Release|x64
		{835438ED-280C-4863-9C03-A62F3D504005}.Release|x64.Build.0 = Release|x64
		{66D5FEC3-17C7-4B20-9A3A-07A1B585314F}.Debug|Win32.ActiveCfg = Debug|Win32
		{66D5FEC3-17C7-4B20-9A3A-07A1B585314F}.Debug|Win32.Build.0 = Debug|Win32
		{66D5FEC3-17C7-4B20-9A3A-07A1B585314F}.Debug|x64.ActiveCfg = Debug|x64
		{66D5FEC3-17C7-4B20-9A3A-07A1B585314F}.Debug|x64.Build.0 = Debug|x64
		{66D5FEC3-17C7-4B20-9A3A-07A1B585314F}.Release|Win32.ActiveCfg = Release|Win32
		{66D5FEC3-17C7-4B20-9A3A-07A1B585314F}.Release|Win32.Build.0 = Release|Win32
		{66D5FEC3-17C7-4B20-9A3A-07A1B585314F}.Release|x64.ActiveCfg = Release|x64
		{66D5FEC3-17C7-4B20-9A3A-07A1B585314F}.Release|x64.Build.0 = Release|x64
		{77FEBD41-CD6C-4D55-B561-3957F7151CC2}.Debug|Win32.ActiveCfg = DebugUnicode|Win32
		{77FEBD41-CD6C-4D55-B561-3957F7151CC2}.Debug|Win32.Build.0 = DebugUnicode|Win32
		{77FEBD41-CD6C-4D55-B561-3957F7151CC2}.Debug|x64.ActiveCfg = DebugUnicode|x64
		{77FEBD41-CD6C-4D55-B561-3957F7151CC2}.Debug|x64.Build.0 = Debug|x64
		{77FEBD41-CD6C-4D55-B561-3957F7151CC2}.Debug|x64.Build.2 = DebugUnicode|x64
		{77FEBD41-CD6C-4D55-B561-3957F7151CC2}.Release|Win32.ActiveCfg = ReleaseUnicode|Win32
		{77FEBD41-CD6C-4D55-B561-3957F7151CC2}.Release|Win32.Build.0 = ReleaseUnicode|Win32
		{77FEBD41-CD6C-4D55-B561-3957F7151CC2}.Release|x64.ActiveCfg = ReleaseUnicode|x64
		{77FEBD41-CD6C-4D55-B561-3957F7151CC2}.Release|x64.Build.0 = ReleaseUnicode|x64
	EndGlobalSection
	GlobalSection(SolutionProperties) = preSolution
		HideSolutionNode = FALSE
	EndGlobalSection
EndGlobal
