<?xml version="1.0" encoding="utf-8"?>
<Project ToolsVersion="4.0" xmlns="http://schemas.microsoft.com/developer/msbuild/2003">
  <ItemGroup>
    <Filter Include="Source Files">
      <UniqueIdentifier>{86945cf3-a8ec-477b-a6c7-c3bb931c3636}</UniqueIdentifier>
      <Extensions>cpp;c;cxx;rc;def;r;odl;idl;hpj;bat</Extensions>
    </Filter>
    <Filter Include="Header Files">
      <UniqueIdentifier>{1b537e08-d4de-4fb4-993f-6e632131f775}</UniqueIdentifier>
      <Extensions>h;hpp;hxx;hm;inl</Extensions>
    </Filter>
    <Filter Include="Resource Files">
      <UniqueIdentifier>{4f16f70f-27fe-4ba2-bb78-8afafb08f44e}</UniqueIdentifier>
      <Extensions>ico;cur;bmp;dlg;rc2;rct;bin;rgs;gif;jpg;jpeg;jpe</Extensions>
    </Filter>
  </ItemGroup>
  <ItemGroup>
    <ClCompile Include="ActiveBrowsePropertySheet.cpp">
      <Filter>Source Files</Filter>
    </ClCompile>
    <ClCompile Include="ActiveBrowserPropertyFrame.cpp">
      <Filter>Source Files</Filter>
    </ClCompile>
    <ClCompile Include="ActiveBrowserPropertyPage.cpp">
      <Filter>Source Files</Filter>
    </ClCompile>
    <ClCompile Include="AggregateContextMenu.cpp">
      <Filter>Source Files</Filter>
    </ClCompile>
    <ClCompile Include="AggregateOptions.cpp">
      <Filter>Source Files</Filter>
    </ClCompile>
    <ClCompile Include="AggregateOptionsDlg.cpp">
      <Filter>Source Files</Filter>
    </ClCompile>
    <ClCompile Include="AggregateTreeCtrl.cpp">
      <Filter>Source Files</Filter>
    </ClCompile>
    <ClCompile Include="AttachLibDlg.cpp">
      <Filter>Source Files</Filter>
    </ClCompile>
    <ClCompile Include="AutoComboBox.cpp">
      <Filter>Source Files</Filter>
    </ClCompile>
    <ClCompile Include="ComboEdit.cpp">
      <Filter>Source Files</Filter>
    </ClCompile>
    <ClCompile Include="..\Common\CommonError.cpp">
      <Filter>Source Files</Filter>
    </ClCompile>
    <ClCompile Include="..\Common\CommonMfc.cpp">
      <Filter>Source Files</Filter>
    </ClCompile>
    <ClCompile Include="..\Common\CommonSmart.cpp">
      <Filter>Source Files</Filter>
    </ClCompile>
    <ClCompile Include="CurrentProject.cpp">
      <Filter>Source Files</Filter>
    </ClCompile>
    <ClCompile Include="GMEActiveBrowser.cpp">
      <Filter>Source Files</Filter>
    </ClCompile>
    <ClCompile Include="GMEActiveBrowserCtl.cpp">
      <Filter>Source Files</Filter>
    </ClCompile>
    <ClCompile Include="GMEActiveBrowserDropTarget.cpp">
      <Filter>Source Files</Filter>
    </ClCompile>
    <ClCompile Include="GMEActiveBrowserPpg.cpp">
      <Filter>Source Files</Filter>
    </ClCompile>
    <ClCompile Include="..\Gme\GMEOLEData.cpp">
      <Filter>Source Files</Filter>
    </ClCompile>
    <ClCompile Include="InheritanceTreeCtrl.cpp">
      <Filter>Source Files</Filter>
    </ClCompile>
    <ClCompile Include="MetaConnectionDlg.cpp">
      <Filter>Source Files</Filter>
    </ClCompile>
    <ClCompile Include="MetaTreeCtrl.cpp">
      <Filter>Source Files</Filter>
    </ClCompile>
    <ClCompile Include="MgaContext.cpp">
      <Filter>Source Files</Filter>
    </ClCompile>
    <ClCompile Include="MgaMappedTreeCtrl.cpp">
      <Filter>Source Files</Filter>
    </ClCompile>
    <ClCompile Include="MgaObjectEventList.cpp">
      <Filter>Source Files</Filter>
    </ClCompile>
    <ClCompile Include="ObjectEventWrapper.cpp">
      <Filter>Source Files</Filter>
    </ClCompile>
    <ClCompile Include="StdAfx.cpp">
      <Filter>Source Files</Filter>
    </ClCompile>
    <ClCompile Include="StringArrayEx.cpp">
      <Filter>Source Files</Filter>
    </ClCompile>
    <ClCompile Include="TreeCtrlEx.cpp">
      <Filter>Source Files</Filter>
    </ClCompile>
  </ItemGroup>
  <ItemGroup>
    <None Include="GMEActiveBrowser.def">
      <Filter>Source Files</Filter>
    </None>
    <None Include="AggIco.bmp">
      <Filter>Resource Files</Filter>
    </None>
    <None Include="GMEActiveBrowser.rgs">
      <Filter>Resource Files</Filter>
    </None>
    <None Include="GMEActiveBrowserCtl.bmp">
      <Filter>Resource Files</Filter>
    </None>
    <None Include="IcoFind.bmp">
      <Filter>Resource Files</Filter>
    </None>
    <None Include="InhIco.bmp">
      <Filter>Resource Files</Filter>
    </None>
    <None Include="libIco.ico">
      <Filter>Resource Files</Filter>
    </None>
    <None Include="Library.ico">
      <Filter>Resource Files</Filter>
    </None>
    <None Include="MetaIco.bmp">
      <Filter>Resource Files</Filter>
    </None>
    <None Include="StateIco.bmp">
      <Filter>Resource Files</Filter>
    </None>
    <None Include="ReadMe.txt" />
  </ItemGroup>
  <ItemGroup>
    <Midl Include="GMEActiveBrowser.odl">
      <Filter>Source Files</Filter>
    </Midl>
  </ItemGroup>
  <ItemGroup>
    <ResourceCompile Include="GMEActiveBrowser.rc">
      <Filter>Source Files</Filter>
    </ResourceCompile>
  </ItemGroup>
  <ItemGroup>
    <ClInclude Include="ActiveBrowsePropertySheet.h">
      <Filter>Header Files</Filter>
    </ClInclude>
    <ClInclude Include="ActiveBrowserPropertyFrame.h">
      <Filter>Header Files</Filter>
    </ClInclude>
    <ClInclude Include="ActiveBrowserPropertyPage.h">
      <Filter>Header Files</Filter>
    </ClInclude>
    <ClInclude Include="AggregateContextMenu.h">
      <Filter>Header Files</Filter>
    </ClInclude>
    <ClInclude Include="AggregateOptions.h">
      <Filter>Header Files</Filter>
    </ClInclude>
    <ClInclude Include="AggregateOptionsDlg.h">
      <Filter>Header Files</Filter>
    </ClInclude>
    <ClInclude Include="AggregateTreeCtrl.h">
      <Filter>Header Files</Filter>
    </ClInclude>
    <ClInclude Include="AttachLibDlg.h">
      <Filter>Header Files</Filter>
    </ClInclude>
    <ClInclude Include="AutoComboBox.h">
      <Filter>Header Files</Filter>
    </ClInclude>
    <ClInclude Include="ComboEdit.h">
      <Filter>Header Files</Filter>
    </ClInclude>
    <ClInclude Include="CurrentProject.h">
      <Filter>Header Files</Filter>
    </ClInclude>
    <ClInclude Include="GMEActiveBrowser.h">
      <Filter>Header Files</Filter>
    </ClInclude>
    <ClInclude Include="GMEActiveBrowserCtl.h">
      <Filter>Header Files</Filter>
    </ClInclude>
    <ClInclude Include="GMEActiveBrowserDropTarget.h">
      <Filter>Header Files</Filter>
    </ClInclude>
    <ClInclude Include="GMEActiveBrowserPpg.h">
      <Filter>Header Files</Filter>
    </ClInclude>
    <ClInclude Include="..\Gme\GMEOLEData.h">
      <Filter>Header Files</Filter>
    </ClInclude>
    <ClInclude Include="..\Gme\GMEStd.h">
      <Filter>Header Files</Filter>
    </ClInclude>
    <ClInclude Include="InheritanceTreeCtrl.h">
      <Filter>Header Files</Filter>
    </ClInclude>
    <ClInclude Include="MetaConnectionDlg.h">
      <Filter>Header Files</Filter>
    </ClInclude>
    <ClInclude Include="MetaTreeCtrl.h">
      <Filter>Header Files</Filter>
    </ClInclude>
    <ClInclude Include="MgaContext.h">
      <Filter>Header Files</Filter>
    </ClInclude>
    <ClInclude Include="MgaMap.h">
      <Filter>Header Files</Filter>
    </ClInclude>
    <ClInclude Include="MgaMappedTreeCtrl.h">
      <Filter>Header Files</Filter>
    </ClInclude>
    <ClInclude Include="MgaObjectEventList.h">
      <Filter>Header Files</Filter>
    </ClInclude>
    <ClInclude Include="MgaObjectProxy.h">
      <Filter>Header Files</Filter>
    </ClInclude>
    <ClInclude Include="MgaObjectProxyMapItem.h">
      <Filter>Header Files</Filter>
    </ClInclude>
    <ClInclude Include="ObjectEventWrapper.h">
      <Filter>Header Files</Filter>
    </ClInclude>
    <ClInclude Include="Resource.h">
      <Filter>Header Files</Filter>
    </ClInclude>
    <ClInclude Include="StdAfx.h">
      <Filter>Header Files</Filter>
    </ClInclude>
    <ClInclude Include="StringArrayEx.h">
      <Filter>Header Files</Filter>
    </ClInclude>
    <ClInclude Include="targetver.h">
      <Filter>Header Files</Filter>
    </ClInclude>
    <ClInclude Include="TreeCtrlEx.h">
      <Filter>Header Files</Filter>
    </ClInclude>
  </ItemGroup>
</Project>