<?xml version="1.0" encoding="utf-8"?>
<Project ToolsVersion="4.0" xmlns="http://schemas.microsoft.com/developer/msbuild/2003">
  <ItemGroup>
    <Filter Include="Source Files">
      <UniqueIdentifier>{24fe492c-03c8-4f5a-8194-724e38fc1b4e}</UniqueIdentifier>
      <Extensions>cpp;c;cxx;rc;def;r;odl;idl;hpj;bat</Extensions>
    </Filter>
    <Filter Include="Header Files">
      <UniqueIdentifier>{48a98045-102c-4d44-b8cb-465ee2ff6fb2}</UniqueIdentifier>
      <Extensions>h;hpp;hxx;hm;inl</Extensions>
    </Filter>
    <Filter Include="Resource Files">
      <UniqueIdentifier>{af5611d4-2153-429b-ad57-627a18f03dcc}</UniqueIdentifier>
      <Extensions>ico;cur;bmp;dlg;rc2;rct;bin;rgs;gif;jpg;jpeg;jpe</Extensions>
    </Filter>
  </ItemGroup>
  <ItemGroup>
    <ClCompile Include="$(GME_ROOT)\SDK\BON\Common\BON.cpp">
      <Filter>Source Files</Filter>
    </ClCompile>
    <ClCompile Include="BON2Component.cpp">
      <Filter>Source Files</Filter>
    </ClCompile>
    <ClCompile Include="$(GME_ROOT)\SDK\BON\Common\BONImpl.cpp">
      <Filter>Source Files</Filter>
    </ClCompile>
    <ClCompile Include="$(GME_ROOT)\SDK\BON\Common\ComHelp.cpp">
      <Filter>Source Files</Filter>
    </ClCompile>
    <ClCompile Include="$(GME_ROOT)\SDK\BON\Common\Common.cpp">
      <Filter>Source Files</Filter>
    </ClCompile>
    <ClCompile Include="$(GME_ROOT)\SDK\BON\Common\ComponentDll.cpp">
      <Filter>Source Files</Filter>
    </ClCompile>
    <ClCompile Include="$(GME_ROOT)\SDK\BON\Common\ComponentObj.cpp">
      <Filter>Source Files</Filter>
    </ClCompile>
    <ClCompile Include="$(GME_ROOT)\SDK\BON\Common\Console.cpp">
      <Filter>Source Files</Filter>
    </ClCompile>
    <ClCompile Include="$(GME_ROOT)\SDK\BON\Common\Events.cpp">
      <Filter>Source Files</Filter>
    </ClCompile>
    <ClCompile Include="$(GME_ROOT)\SDK\BON\Common\Exceptions.cpp">
      <Filter>Source Files</Filter>
    </ClCompile>
    <ClCompile Include="$(GME_ROOT)\SDK\BON\Common\Extensions.cpp">
      <Filter>Source Files</Filter>
    </ClCompile>
    <ClCompile Include="$(GME_ROOT)\SDK\BON\Common\Formatter.cpp">
      <Filter>Source Files</Filter>
    </ClCompile>
    <ClCompile Include="$(GME_ROOT)\SDK\BON\Common\MON.cpp">
      <Filter>Source Files</Filter>
    </ClCompile>
    <ClCompile Include="$(GME_ROOT)\SDK\BON\Common\MONImpl.cpp">
      <Filter>Source Files</Filter>
    </ClCompile>
    <ClCompile Include="PrintDlg.cpp">
      <Filter>Source Files</Filter>
    </ClCompile>
    <ClCompile Include="SFBonExtension.cpp">
      <Filter>Source Files</Filter>
    </ClCompile>
    <ClCompile Include="SFBonUserExtension.cpp">
      <Filter>Source Files</Filter>
    </ClCompile>
    <ClCompile Include="StdAfx.cpp">
      <Filter>Source Files</Filter>
    </ClCompile>
    <ClCompile Include="$(GME_ROOT)\SDK\BON\Common\Utils.cpp">
      <Filter>Source Files</Filter>
    </ClCompile>
  </ItemGroup>
  <ItemGroup>
    <None Include="Component.def">
      <Filter>Source Files</Filter>
    </None>
    <None Include="CompIcon.ico">
      <Filter>Resource Files</Filter>
    </None>
  </ItemGroup>
  <ItemGroup>
    <ResourceCompile Include="Component.rc">
      <Filter>Source Files</Filter>
    </ResourceCompile>
  </ItemGroup>
  <ItemGroup>
    <Midl Include="$(GME_ROOT)\SDK\BON\Common\ComponentLib.idl">
      <Filter>Source Files</Filter>
    </Midl>
  </ItemGroup>
  <ItemGroup>
    <ClInclude Include="$(GME_ROOT)\SDK\BON\Common\BON.h">
      <Filter>Header Files</Filter>
    </ClInclude>
    <ClInclude Include="BON2Component.h">
      <Filter>Header Files</Filter>
    </ClInclude>
    <ClInclude Include="$(GME_ROOT)\SDK\BON\Common\BONImpl.h">
      <Filter>Header Files</Filter>
    </ClInclude>
    <ClInclude Include="$(GME_ROOT)\SDK\BON\Common\ComHelp.h">
      <Filter>Header Files</Filter>
    </ClInclude>
    <ClInclude Include="$(GME_ROOT)\SDK\BON\Common\Common.h">
      <Filter>Header Files</Filter>
    </ClInclude>
    <ClInclude Include="ComponentConfig.h">
      <Filter>Header Files</Filter>
    </ClInclude>
    <ClInclude Include="$(GME_ROOT)\SDK\BON\Common\ComponentDll.h">
      <Filter>Header Files</Filter>
    </ClInclude>
    <ClInclude Include="$(GME_ROOT)\SDK\BON\Common\ComponentObj.h">
      <Filter>Header Files</Filter>
    </ClInclude>
    <ClInclude Include="$(GME_ROOT)\SDK\BON\Common\Console.h">
      <Filter>Header Files</Filter>
    </ClInclude>
    <ClInclude Include="$(GME_ROOT)\SDK\BON\Common\Events.h">
      <Filter>Header Files</Filter>
    </ClInclude>
    <ClInclude Include="$(GME_ROOT)\SDK\BON\Common\Exceptions.h">
      <Filter>Header Files</Filter>
    </ClInclude>
    <ClInclude Include="$(GME_ROOT)\SDK\BON\Common\Extensions.h">
      <Filter>Header Files</Filter>
    </ClInclude>
    <ClInclude Include="$(GME_ROOT)\SDK\BON\Common\Formatter.h">
      <Filter>Header Files</Filter>
    </ClInclude>
    <ClInclude Include="$(GME_ROOT)\SDK\BON\Common\GMECOM.H">
      <Filter>Header Files</Filter>
    </ClInclude>
    <ClInclude Include="$(GME_ROOT)\SDK\BON\Common\MON.h">
      <Filter>Header Files</Filter>
    </ClInclude>
    <ClInclude Include="$(GME_ROOT)\SDK\BON\Common\MONImpl.h">
      <Filter>Header Files</Filter>
    </ClInclude>
    <ClInclude Include="PrintDlg.h">
      <Filter>Header Files</Filter>
    </ClInclude>
    <ClInclude Include="Resource.h">
      <Filter>Header Files</Filter>
    </ClInclude>
    <ClInclude Include="SFBonExtension.h">
      <Filter>Header Files</Filter>
    </ClInclude>
    <ClInclude Include="StdAfx.h">
      <Filter>Header Files</Filter>
    </ClInclude>
    <ClInclude Include="$(GME_ROOT)\SDK\BON\Common\targetver.h">
      <Filter>Header Files</Filter>
    </ClInclude>
    <ClInclude Include="$(GME_ROOT)\SDK\BON\Common\Utils.h">
      <Filter>Header Files</Filter>
    </ClInclude>
  </ItemGroup>
</Project>