
Microsoft Visual Studio Solution File, Format Version 11.00
# Visual Studio 2010
Project("{8BC9CEB8-8B4A-11D0-8D11-00A0C91BC942}") = "BON2SFInterpreter", "BON2SFInterpreter.vcxproj", "{A62BB660-A78C-479D-8453-F370DA84B816}"
EndProject
Global
	GlobalSection(SolutionConfigurationPlatforms) = preSolution
		Debug|Win32 = Debug|Win32
		Release|Win32 = Release|Win32
	EndGlobalSection
	GlobalSection(ProjectConfigurationPlatforms) = postSolution
		{A62BB660-A78C-479D-8453-F370DA84B816}.Debug|Win32.ActiveCfg = Debug|Win32
		{A62BB660-A78C-479D-8453-F370DA84B816}.Debug|Win32.Build.0 = Debug|Win32
		{A62BB660-A78C-479D-8453-F370DA84B816}.Release|Win32.ActiveCfg = Release|Win32
		{A62BB660-A78C-479D-8453-F370DA84B816}.Release|Win32.Build.0 = Release|Win32
	EndGlobalSection
	GlobalSection(SolutionProperties) = preSolution
		HideSolutionNode = FALSE
	EndGlobalSection
EndGlobal
