<?xml version="1.0" encoding="utf-8"?>
<Project ToolsVersion="4.0" xmlns="http://schemas.microsoft.com/developer/msbuild/2003">
  <ItemGroup>
    <Filter Include="Source Files">
      <UniqueIdentifier>{78bde8df-e700-4b2c-b19d-d0e69e84539e}</UniqueIdentifier>
      <Extensions>cpp;c;cxx;rc;def;r;odl;idl;hpj;bat</Extensions>
    </Filter>
    <Filter Include="Header Files">
      <UniqueIdentifier>{328e4cec-ac04-4b33-a429-c6661a65c7d0}</UniqueIdentifier>
      <Extensions>h;hpp;hxx;hm;inl</Extensions>
    </Filter>
    <Filter Include="Resource Files">
      <UniqueIdentifier>{75a4d378-cf4a-47e0-bddf-76cc62b71bbe}</UniqueIdentifier>
      <Extensions>ico;cur;bmp;dlg;rc2;rct;bin;rgs;gif;jpg;jpeg;jpe</Extensions>
    </Filter>
  </ItemGroup>
  <ItemGroup>
    <ClCompile Include="$(GME_ROOT)\SDK\BON\Common\ComHelp.cpp">
      <Filter>Source Files</Filter>
    </ClCompile>
    <ClCompile Include="$(GME_ROOT)\GME\Common\CommonError.cpp">
      <Filter>Source Files</Filter>
    </ClCompile>
    <ClCompile Include="$(GME_ROOT)\GME\Common\CommonSmart.cpp">
      <Filter>Source Files</Filter>
    </ClCompile>
    <ClCompile Include="$(GME_ROOT)\SDK\BON\Common\ComponentDll.cpp">
      <Filter>Source Files</Filter>
    </ClCompile>
    <ClCompile Include="$(GME_ROOT)\SDK\BON\Common\ComponentObj.cpp">
      <Filter>Source Files</Filter>
    </ClCompile>
    <ClCompile Include="$(GME_ROOT)\SDK\BON\Common\Console.cpp">
      <Filter>Source Files</Filter>
    </ClCompile>
    <ClCompile Include="DlgAutoLayout.cpp">
      <Filter>Source Files</Filter>
    </ClCompile>
    <ClCompile Include="$(GME_ROOT)\SDK\BON\Common\Exceptions.cpp">
      <Filter>Source Files</Filter>
    </ClCompile>
    <ClCompile Include="$(GME_ROOT)\SDK\BON\Common\Formatter.cpp">
      <Filter>Source Files</Filter>
    </ClCompile>
    <ClCompile Include="GAOptimizer.cpp">
      <Filter>Source Files</Filter>
    </ClCompile>
    <ClCompile Include="GMEGraph.cpp">
      <Filter>Source Files</Filter>
    </ClCompile>
    <ClCompile Include="Graph.cpp">
      <Filter>Source Files</Filter>
    </ClCompile>
    <ClCompile Include="LayoutOptimization.cpp">
      <Filter>Source Files</Filter>
    </ClCompile>
    <ClCompile Include="Random.cpp">
      <Filter>Source Files</Filter>
    </ClCompile>
    <ClCompile Include="RawComponent.cpp">
      <Filter>Source Files</Filter>
    </ClCompile>
    <ClCompile Include="StdAfx.cpp">
      <Filter>Source Files</Filter>
    </ClCompile>
  </ItemGroup>
  <ItemGroup>
    <None Include="component.def">
      <Filter>Source Files</Filter>
    </None>
    <None Include="compicon.ico">
      <Filter>Resource Files</Filter>
    </None>
  </ItemGroup>
  <ItemGroup>
    <ResourceCompile Include="Component.rc">
      <Filter>Source Files</Filter>
    </ResourceCompile>
  </ItemGroup>
  <ItemGroup>
    <Midl Include="$(GME_ROOT)\SDK\BON\Common\ComponentLib.idl">
      <Filter>Source Files</Filter>
    </Midl>
  </ItemGroup>
  <ItemGroup>
    <ClInclude Include="$(GME_ROOT)\SDK\BON\Common\ComHelp.h">
      <Filter>Header Files</Filter>
    </ClInclude>
    <ClInclude Include="ComponentConfig.h">
      <Filter>Header Files</Filter>
    </ClInclude>
    <ClInclude Include="$(GME_ROOT)\SDK\BON\Common\ComponentDll.h">
      <Filter>Header Files</Filter>
    </ClInclude>
    <ClInclude Include="$(GME_ROOT)\SDK\BON\Common\ComponentObj.h">
      <Filter>Header Files</Filter>
    </ClInclude>
    <ClInclude Include="$(GME_ROOT)\SDK\BON\Common\Console.h">
      <Filter>Header Files</Filter>
    </ClInclude>
    <ClInclude Include="DlgAutoLayout.h">
      <Filter>Header Files</Filter>
    </ClInclude>
    <ClInclude Include="$(GME_ROOT)\SDK\BON\Common\Formatter.h">
      <Filter>Header Files</Filter>
    </ClInclude>
    <ClInclude Include="GAOptimizer.h">
      <Filter>Header Files</Filter>
    </ClInclude>
    <ClInclude Include="$(GME_ROOT)\SDK\BON\Common\GMECOM.H">
      <Filter>Header Files</Filter>
    </ClInclude>
    <ClInclude Include="GMEGraph.h">
      <Filter>Header Files</Filter>
    </ClInclude>
    <ClInclude Include="Graph.h">
      <Filter>Header Files</Filter>
    </ClInclude>
    <ClInclude Include="LayoutOptimization.h">
      <Filter>Header Files</Filter>
    </ClInclude>
    <ClInclude Include="Random.h">
      <Filter>Header Files</Filter>
    </ClInclude>
    <ClInclude Include="RawComponent.h">
      <Filter>Header Files</Filter>
    </ClInclude>
    <ClInclude Include="resource.h">
      <Filter>Header Files</Filter>
    </ClInclude>
    <ClInclude Include="StdAfx.h">
      <Filter>Header Files</Filter>
    </ClInclude>
    <ClInclude Include="$(GME_ROOT)\SDK\BON\Common\targetver.h">
      <Filter>Header Files</Filter>
    </ClInclude>
  </ItemGroup>
</Project>