<?xml version="1.0" encoding="utf-8"?>
<Project ToolsVersion="4.0" xmlns="http://schemas.microsoft.com/developer/msbuild/2003">
  <ItemGroup>
    <Filter Include="Source Files">
      <UniqueIdentifier>{4FC737F1-C7A5-4376-A066-2A32D752A2FF}</UniqueIdentifier>
      <Extensions>cpp;c;cxx;def;odl;idl;hpj;bat;asm;asmx</Extensions>
    </Filter>
    <Filter Include="Header Files">
      <UniqueIdentifier>{93995380-89BD-4b04-88EB-625FBE52EBFB}</UniqueIdentifier>
      <Extensions>h;hpp;hxx;hm;inl;inc;xsd</Extensions>
    </Filter>
    <Filter Include="Resource Files">
      <UniqueIdentifier>{67DA6AB6-F800-4c08-8B7A-83BB121AAD01}</UniqueIdentifier>
      <Extensions>rc;ico;cur;bmp;dlg;rc2;rct;bin;rgs;gif;jpg;jpeg;jpe;resx</Extensions>
    </Filter>
  </ItemGroup>
  <ItemGroup>
    <ClCompile Include="..\Common\CommonError.cpp">
      <Filter>Source Files</Filter>
    </ClCompile>
    <ClCompile Include="..\Common\CommonSmart.cpp">
      <Filter>Source Files</Filter>
    </ClCompile>
    <ClCompile Include="..\Gme\GMEOLEData.cpp">
      <Filter>Source Files</Filter>
    </ClCompile>
    <ClCompile Include="..\GMEActiveBrowser\MgaObjectEventList.cpp">
      <Filter>Source Files</Filter>
    </ClCompile>
    <ClCompile Include="..\GMEActiveBrowser\ObjectEventWrapper.cpp">
      <Filter>Source Files</Filter>
    </ClCompile>
    <ClCompile Include="PartBrowser.cpp">
      <Filter>Source Files</Filter>
    </ClCompile>
    <ClCompile Include="PartBrowserCtrl.cpp">
      <Filter>Source Files</Filter>
    </ClCompile>
    <ClCompile Include="PartBrowserDlg.cpp">
      <Filter>Source Files</Filter>
    </ClCompile>
    <ClCompile Include="PartBrowserPane.cpp">
      <Filter>Source Files</Filter>
    </ClCompile>
    <ClCompile Include="PartBrowserPaneFrame.cpp">
      <Filter>Source Files</Filter>
    </ClCompile>
    <ClCompile Include="PartBrowserPropPage.cpp">
      <Filter>Source Files</Filter>
    </ClCompile>
    <ClCompile Include="stdafx.cpp">
      <Filter>Source Files</Filter>
    </ClCompile>
  </ItemGroup>
  <ItemGroup>
    <None Include="PartBrowser.def">
      <Filter>Source Files</Filter>
    </None>
    <None Include="PartBrowser.ico">
      <Filter>Resource Files</Filter>
    </None>
    <None Include="PartBrowserCtrl.bmp">
      <Filter>Resource Files</Filter>
    </None>
    <None Include="ReadMe.txt" />
  </ItemGroup>
  <ItemGroup>
    <Midl Include="PartBrowser.idl">
      <Filter>Source Files</Filter>
    </Midl>
  </ItemGroup>
  <ItemGroup>
    <ClInclude Include="..\Common\CommonError.h">
      <Filter>Header Files</Filter>
    </ClInclude>
    <ClInclude Include="..\Common\CommonMfc.h">
      <Filter>Header Files</Filter>
    </ClInclude>
    <ClInclude Include="..\Common\CommonMgaTrukk.h">
      <Filter>Header Files</Filter>
    </ClInclude>
    <ClInclude Include="..\Common\CommonSmart.h">
      <Filter>Header Files</Filter>
    </ClInclude>
    <ClInclude Include="..\Gme\GMEOLEData.h">
      <Filter>Header Files</Filter>
    </ClInclude>
    <ClInclude Include="..\GMEActiveBrowser\MgaObjectEventList.h">
      <Filter>Header Files</Filter>
    </ClInclude>
    <ClInclude Include="..\GMEActiveBrowser\ObjectEventWrapper.h">
      <Filter>Header Files</Filter>
    </ClInclude>
    <ClInclude Include="PartBrowser.h">
      <Filter>Header Files</Filter>
    </ClInclude>
    <ClInclude Include="PartBrowserCtrl.h">
      <Filter>Header Files</Filter>
    </ClInclude>
    <ClInclude Include="PartBrowserDlg.h">
      <Filter>Header Files</Filter>
    </ClInclude>
    <ClInclude Include="PartBrowserPane.h">
      <Filter>Header Files</Filter>
    </ClInclude>
    <ClInclude Include="PartBrowserPaneFrame.h">
      <Filter>Header Files</Filter>
    </ClInclude>
    <ClInclude Include="PartBrowserPropPage.h">
      <Filter>Header Files</Filter>
    </ClInclude>
    <ClInclude Include="Resource.h">
      <Filter>Header Files</Filter>
    </ClInclude>
    <ClInclude Include="stdafx.h">
      <Filter>Header Files</Filter>
    </ClInclude>
    <ClInclude Include="targetver.h">
      <Filter>Header Files</Filter>
    </ClInclude>
  </ItemGroup>
  <ItemGroup>
    <ResourceCompile Include="PartBrowser.rc">
      <Filter>Resource Files</Filter>
    </ResourceCompile>
  </ItemGroup>
</Project>