<?xml version="1.0" encoding="utf-8"?>
<Project ToolsVersion="4.0" xmlns="http://schemas.microsoft.com/developer/msbuild/2003">
  <ItemGroup>
    <Filter Include="Source Files">
      <UniqueIdentifier>{088dcaa9-9119-46b2-906c-30d40181c0a2}</UniqueIdentifier>
      <Extensions>cpp;c;cxx;rc;def;r;odl;idl;hpj;bat</Extensions>
    </Filter>
    <Filter Include="Header Files">
      <UniqueIdentifier>{7126eca8-bdbd-4cdb-b4b0-ede0f136ebce}</UniqueIdentifier>
      <Extensions>h;hpp;hxx;hm;inl</Extensions>
    </Filter>
    <Filter Include="Resource Files">
      <UniqueIdentifier>{bd54d531-ef3b-4672-beab-ea2ecbdf9213}</UniqueIdentifier>
      <Extensions>ico;cur;bmp;dlg;rc2;rct;bin;rgs;gif;jpg;jpeg;jpe</Extensions>
    </Filter>
  </ItemGroup>
  <ItemGroup>
    <ClCompile Include="..\Common\CommonError.cpp">
      <Filter>Source Files</Filter>
    </ClCompile>
    <ClCompile Include="..\Common\CommonSmart.cpp">
      <Filter>Source Files</Filter>
    </ClCompile>
    <ClCompile Include="Mga.cpp">
      <Filter>Source Files</Filter>
    </ClCompile>
    <ClCompile Include="MgaAttribute.cpp">
      <Filter>Source Files</Filter>
    </ClCompile>
    <ClCompile Include="MgaCheck.cpp">
      <Filter>Source Files</Filter>
    </ClCompile>
    <ClCompile Include="MgaComplexOps.cpp">
      <Filter>Source Files</Filter>
    </ClCompile>
    <ClCompile Include="MgaConnection.cpp">
      <Filter>Source Files</Filter>
    </ClCompile>
    <ClCompile Include="MgaConstraint.cpp">
      <Filter>Source Files</Filter>
    </ClCompile>
    <ClCompile Include="MgaCoreObj.cpp">
      <Filter>Source Files</Filter>
    </ClCompile>
    <ClCompile Include="MgaDeriveOps.cpp">
      <Filter>Source Files</Filter>
    </ClCompile>
    <ClCompile Include="MgaFCO.cpp">
      <Filter>Source Files</Filter>
    </ClCompile>
    <ClCompile Include="MgaFilter.cpp">
      <Filter>Source Files</Filter>
    </ClCompile>
    <ClCompile Include="MgaFolder.cpp">
      <Filter>Source Files</Filter>
    </ClCompile>
    <ClCompile Include="MgaGeneric.cpp">
      <Filter>Source Files</Filter>
    </ClCompile>
    <ClCompile Include="MgaLibOps.cpp">
      <Filter>Source Files</Filter>
    </ClCompile>
    <ClCompile Include="MgaLibRefr.cpp">
      <Filter>Source Files</Filter>
    </ClCompile>
    <ClCompile Include="MgaModel.cpp">
      <Filter>Source Files</Filter>
    </ClCompile>
    <ClCompile Include="MgaProject.cpp">
      <Filter>Source Files</Filter>
    </ClCompile>
    <ClCompile Include="MgaReference.cpp">
      <Filter>Source Files</Filter>
    </ClCompile>
    <ClCompile Include="MgaSet.cpp">
      <Filter>Source Files</Filter>
    </ClCompile>
    <ClCompile Include="MgaTerritory.cpp">
      <Filter>Source Files</Filter>
    </ClCompile>
    <ClCompile Include="StdAfx.cpp">
      <Filter>Source Files</Filter>
    </ClCompile>
  </ItemGroup>
  <ItemGroup>
    <None Include="Mga.def">
      <Filter>Source Files</Filter>
    </None>
    <None Include="MgaClient.rgs">
      <Filter>Resource Files</Filter>
    </None>
    <None Include="MgaFCOs.rgs">
      <Filter>Resource Files</Filter>
    </None>
    <None Include="MgaFolders.rgs">
      <Filter>Resource Files</Filter>
    </None>
    <None Include="MgaO.rgs">
      <Filter>Resource Files</Filter>
    </None>
    <None Include="MgaObjects.rgs">
      <Filter>Resource Files</Filter>
    </None>
    <None Include="MgaProject.rgs">
      <Filter>Resource Files</Filter>
    </None>
    <None Include="MgaRegNodes.rgs">
      <Filter>Resource Files</Filter>
    </None>
    <None Include="doc\edf.dtd" />
    <None Include="doc\model.dtd" />
    <None Include="doc\operations.txt" />
    <None Include="TODO.txt" />
  </ItemGroup>
  <ItemGroup>
    <ResourceCompile Include="Mga.rc">
      <Filter>Source Files</Filter>
    </ResourceCompile>
  </ItemGroup>
  <ItemGroup>
    <ClInclude Include="MgaAttribute.h">
      <Filter>Header Files</Filter>
    </ClInclude>
    <ClInclude Include="MgaComplexOps.h">
      <Filter>Header Files</Filter>
    </ClInclude>
    <ClInclude Include="MgaConnection.h">
      <Filter>Header Files</Filter>
    </ClInclude>
    <ClInclude Include="MgaConstraint.h">
      <Filter>Header Files</Filter>
    </ClInclude>
    <ClInclude Include="MgaCoreObj.h">
      <Filter>Header Files</Filter>
    </ClInclude>
    <ClInclude Include="MgaFCO.h">
      <Filter>Header Files</Filter>
    </ClInclude>
    <ClInclude Include="MgaFilter.h">
      <Filter>Header Files</Filter>
    </ClInclude>
    <ClInclude Include="MgaFolder.h">
      <Filter>Header Files</Filter>
    </ClInclude>
    <ClInclude Include="MgaGeneric.h">
      <Filter>Header Files</Filter>
    </ClInclude>
    <ClInclude Include="MgaLibOps.h">
      <Filter>Header Files</Filter>
    </ClInclude>
    <ClInclude Include="MgaLibRefr.h">
      <Filter>Header Files</Filter>
    </ClInclude>
    <ClInclude Include="MgaModel.h">
      <Filter>Header Files</Filter>
    </ClInclude>
    <ClInclude Include="MgaProject.h">
      <Filter>Header Files</Filter>
    </ClInclude>
    <ClInclude Include="MgaReference.h">
      <Filter>Header Files</Filter>
    </ClInclude>
    <ClInclude Include="MgaSet.h">
      <Filter>Header Files</Filter>
    </ClInclude>
    <ClInclude Include="MgaTerritory.h">
      <Filter>Header Files</Filter>
    </ClInclude>
    <ClInclude Include="MgaTrukk.h">
      <Filter>Header Files</Filter>
    </ClInclude>
    <ClInclude Include="Resource.h">
      <Filter>Header Files</Filter>
    </ClInclude>
    <ClInclude Include="StdAfx.h">
      <Filter>Header Files</Filter>
    </ClInclude>
    <ClInclude Include="targetver.h">
      <Filter>Header Files</Filter>
    </ClInclude>
  </ItemGroup>
  <ItemGroup>
    <Manifest Include="Mga.dll.manifest">
      <Filter>Resource Files</Filter>
    </Manifest>
  </ItemGroup>
</Project>